version = 1
requires-python = ">=3.9"

[[package]]
name = "ga"
version = "0.1.0"
source = { virtual = "." }
dependencies = [
    { name = "rust-reversi" },
]

[package.metadata]
requires-dist = [{ name = "rust-reversi", specifier = ">=1.3.2" }]

[[package]]
name = "rust-reversi"
version = "1.3.2"
source = { registry = "https://pypi.org/simple" }
sdist = { url = "https://files.pythonhosted.org/packages/c9/ab/7974e97ae1053b9a2ac78a9bbfa7af1ca4772589539bcef5ea6550bd74c2/rust_reversi-1.3.2.tar.gz", hash = "sha256:43840d48a34056e3490d8a2eb2ea6da1826a7c12f0c7fd48a8a977deffffdba3", size = 54815 }
wheels = [
    { url = "https://files.pythonhosted.org/packages/b9/cf/9588846a616630ee644da6f22907d3458efb14df76c8df32c146024a1470/rust_reversi-1.3.2-cp310-cp310-manylinux_2_17_aarch64.manylinux2014_aarch64.whl", hash = "sha256:ec0722a2c19aa8941450c04afbeb9d3105fe1cbd243c9f863df416574b53e50c", size = 481674 },
    { url = "https://files.pythonhosted.org/packages/88/f9/9191c6fbc98d8bcf90d1f74b9f4e9759726c1c70f0bfb172b020249e3094/rust_reversi-1.3.2-cp310-cp310-manylinux_2_17_armv7l.manylinux2014_armv7l.whl", hash = "sha256:3a5589e5068d0866d73d2c6449cb6047596d232aeb1ed143fca2231657dd97d2", size = 482916 },
    { url = "https://files.pythonhosted.org/packages/0f/fe/529e08f8d8738d8f4e63eea8b51403b89452a242ee799d86bafe9730e597/rust_reversi-1.3.2-cp310-cp310-manylinux_2_17_i686.manylinux2014_i686.whl", hash = "sha256:d87fe7f985be95f03969f35007b82c09ce4565d89e5cc1cd08ed064abaf13fae", size = 513374 },
    { url = "https://files.pythonhosted.org/packages/54/f1/a5404924b691278e2ab19872251995616d3142fe5caee4443e3222d55d02/rust_reversi-1.3.2-cp310-cp310-manylinux_2_17_ppc64le.manylinux2014_ppc64le.whl", hash = "sha256:6fc06864af89f8147dd5435a3dc7fb1eb7ad830acc0b234ffda1079ea7de4520", size = 538253 },
    { url = "https://files.pythonhosted.org/packages/28/a9/fb2a4fc0db93d101e9a75e80aab44dfc9b48262dece07b43bac3cc6e0e70/rust_reversi-1.3.2-cp310-cp310-manylinux_2_17_s390x.manylinux2014_s390x.whl", hash = "sha256:f8b1b1cc8ec63af4fad9acc332a03ac836173d7d5199808b0fd1c62aa558af4e", size = 547215 },
    { url = "https://files.pythonhosted.org/packages/33/16/ae22bc5f0c6ae5394cf6177b7bbe01da917296d4bb270760419ed0aeb633/rust_reversi-1.3.2-cp310-cp310-manylinux_2_17_x86_64.manylinux2014_x86_64.whl", hash = "sha256:e714f6c98bdf38cf4c2b644ef9c16be601168b6db0a462327a2c53aa3055c0d2", size = 488023 },
    { url = "https://files.pythonhosted.org/packages/12/f5/5f71c9ab464171e67e6fa50b2119d0251b2d231c6125ec2621b9dcde756e/rust_reversi-1.3.2-cp310-cp310-musllinux_1_2_aarch64.whl", hash = "sha256:aa9bce92f39c7baabfd41db9d9bf611d23c5af07ad1b333757427200b730336a", size = 652936 },
    { url = "https://files.pythonhosted.org/packages/dd/50/8b886e896beeaa5a3184812d5a2b123dfca0790544cdb7f53b1e033f642e/rust_reversi-1.3.2-cp310-cp310-musllinux_1_2_armv7l.whl", hash = "sha256:34a6e595b4e15c12ba22568c6835eb363a3e5b6c2c2a96474eeb48965a895231", size = 744560 },
    { url = "https://files.pythonhosted.org/packages/54/a8/d8ea8d9c5e6f4b217369a2a90c7135bb963ee54ad4d99e7a3f8626024382/rust_reversi-1.3.2-cp310-cp310-musllinux_1_2_i686.whl", hash = "sha256:8adff81744812d9ef2fca7e8e90273c4274cdd0ceb3ead4092a473177a9d7248", size = 683358 },
    { url = "https://files.pythonhosted.org/packages/b4/fd/25c2d3b86563a6e536be0055840ea2cd7de4350f90bc4384d2a1cd509a12/rust_reversi-1.3.2-cp310-cp310-musllinux_1_2_x86_64.whl", hash = "sha256:ae59b4ea72186f7efdfab8fc5e5a39e9679019f9931cc1dd3d1ef2b630de07fb", size = 657057 },
    { url = "https://files.pythonhosted.org/packages/e0/15/8a3e19f0584533de0545aeb41816d6c1e72011d72ece507e726ca934cc02/rust_reversi-1.3.2-cp310-cp310-win32.whl", hash = "sha256:fb57151f705b0fc29832cddb470285dfe88fd1e6b99d03717f34e7125bfa2c0e", size = 321475 },
    { url = "https://files.pythonhosted.org/packages/10/73/14af1a7c4491bba2bf7a5c3d2d2d7a63fb6e3d804b8b75240c5ac58abbc9/rust_reversi-1.3.2-cp310-cp310-win_amd64.whl", hash = "sha256:709dc4663eff4ba8c3ca592db6935556113266594e46eadccc45f95e686c4b19", size = 342095 },
    { url = "https://files.pythonhosted.org/packages/f3/f8/688d39628838223b409169195c0dab12b4d9dcbf5b321a98b5e5f2953bdb/rust_reversi-1.3.2-cp311-cp311-macosx_10_12_x86_64.whl", hash = "sha256:c3f28090aeec5435e087213202241fce630c661c1025d16c4c170962f4ce6c51", size = 442163 },
    { url = "https://files.pythonhosted.org/packages/e0/ce/45d6a1d22d69a1ed03cad20cfc02024b71b582ba615dead25a92ae8c1952/rust_reversi-1.3.2-cp311-cp311-macosx_11_0_arm64.whl", hash = "sha256:218ddb954e7064a6b8c62c2b2a508223bd709a3fef5f5de7ad66a5ecf7dedbec", size = 427813 },
    { url = "https://files.pythonhosted.org/packages/04/e9/fa5a07fb2ea43313d80af1650faeda19bb6b736aa1a7c0b94f997a33533f/rust_reversi-1.3.2-cp311-cp311-manylinux_2_17_aarch64.manylinux2014_aarch64.whl", hash = "sha256:111bd1364e84689b96be0ae8dec296d42eab36a7decc70972f47bacc3ef5f45d", size = 481542 },
    { url = "https://files.pythonhosted.org/packages/b5/72/6f0205333ffc9f9f1f65ad524102237ed6bea89d70412c912a736ca08e6c/rust_reversi-1.3.2-cp311-cp311-manylinux_2_17_armv7l.manylinux2014_armv7l.whl", hash = "sha256:7142fdfbd771be5f937238ad8f056e68568dd8189f639a2c61eb55ede77304e5", size = 482783 },
    { url = "https://files.pythonhosted.org/packages/46/79/04a771228d7c9470869977011ed5dbc9b59c9b19df35be83e7db38f2e064/rust_reversi-1.3.2-cp311-cp311-manylinux_2_17_i686.manylinux2014_i686.whl", hash = "sha256:cc643c5a869cbde72569b7f190a5080d6e57a9896954f4889221ae74816415f5", size = 513303 },
    { url = "https://files.pythonhosted.org/packages/95/23/cc4f48eacfa9a15392d566fcf5bbe65879845bdcb5b541a7f5852e9b53d2/rust_reversi-1.3.2-cp311-cp311-manylinux_2_17_ppc64le.manylinux2014_ppc64le.whl", hash = "sha256:8bf3fd2c95aa536ea022bd9f7ac8482e8303586e82615ba26ed289463c81225d", size = 538231 },
    { url = "https://files.pythonhosted.org/packages/73/c8/a84837b5a5ac8033dc74aff48f17266ef0ec2562408d962523b9153e4983/rust_reversi-1.3.2-cp311-cp311-manylinux_2_17_s390x.manylinux2014_s390x.whl", hash = "sha256:822bd4d2932c3431788a80813bfc38989582efcfbef63f2d62a87392bb2e1452", size = 546529 },
    { url = "https://files.pythonhosted.org/packages/4c/db/2c29968b661de2abcb310b00fb3965bd36c33ec83acd1fcc7d350fe3df61/rust_reversi-1.3.2-cp311-cp311-manylinux_2_17_x86_64.manylinux2014_x86_64.whl", hash = "sha256:03bd84545c143d890dfd27b910fc6a59876f0a3707650b29bb2aa0e6c8dfbed2", size = 487661 },
    { url = "https://files.pythonhosted.org/packages/e5/92/ff95d832c413f678b57790b7d95f18a9bbc80177c83e8b474aa8584b6c28/rust_reversi-1.3.2-cp311-cp311-musllinux_1_2_aarch64.whl", hash = "sha256:e6192743802ec36d46b14fe73cf146b1e4b898806bf62cbaa81826108d3d1ab0", size = 652743 },
    { url = "https://files.pythonhosted.org/packages/1a/26/ff6a3429fb3c47d8cd46e504b2c9de1403c39ec1b7df353f49fad05e57dd/rust_reversi-1.3.2-cp311-cp311-musllinux_1_2_armv7l.whl", hash = "sha256:aa0ec2e65bdc769de664937ad17d9ed9784aa0ba58bf30e1945e915e449671b1", size = 744321 },
    { url = "https://files.pythonhosted.org/packages/94/d3/0abc6420fa67a60a7c7ff6a32a20778b222e915e23f1cc2967056fcc556f/rust_reversi-1.3.2-cp311-cp311-musllinux_1_2_i686.whl", hash = "sha256:fedafe49301187395abd1b3a41ab4495d354c28b4708ff347ff5b54d199e074f", size = 683018 },
    { url = "https://files.pythonhosted.org/packages/50/aa/ac6696d889f63a587a07cc77f267cd25bdef3a59e052fd52a17018481155/rust_reversi-1.3.2-cp311-cp311-musllinux_1_2_x86_64.whl", hash = "sha256:6839cf1fc9f6385f109b3390a92bff13f71a9fa3626d7c758ddd71ac7efb8c12", size = 656934 },
    { url = "https://files.pythonhosted.org/packages/28/7f/f8bd10677c5fea7212b3284b3a9214a9dac0578db023d967ad1288bb58e8/rust_reversi-1.3.2-cp311-cp311-win32.whl", hash = "sha256:7bd785b084c74accc45b29fa3f19f7ac94a826a446fb11f06beaee5d4088c80e", size = 321633 },
    { url = "https://files.pythonhosted.org/packages/68/ab/1f2bcf74c3ea089c34dabe592f4fd589235b397bad3d488aa791b8f1611c/rust_reversi-1.3.2-cp311-cp311-win_amd64.whl", hash = "sha256:c6b7a65a0801dcca52336762c2b325cb5d1c557eb5b68fa3be2c745bfb46798a", size = 342033 },
    { url = "https://files.pythonhosted.org/packages/88/5f/90944e43cc4f3196d4c72022fac6b0eb089a79ff9661a3f4a4ccbc9bc88a/rust_reversi-1.3.2-cp312-cp312-macosx_10_12_x86_64.whl", hash = "sha256:054115927582b121d01e4e88ee33c82c4b7d9dec6e7bc9809c4974415e03c781", size = 437447 },
    { url = "https://files.pythonhosted.org/packages/a2/d2/1ab430b003d005f2d2dc2ff91efd46055c6854748d9516c143537062b23c/rust_reversi-1.3.2-cp312-cp312-macosx_11_0_arm64.whl", hash = "sha256:f55d0d1915b0413b11ec32390af33445aa6ab9e05e542a6f03e3c669fecb473b", size = 421726 },
    { url = "https://files.pythonhosted.org/packages/12/b7/79210aa4e9d8baefe8a0aa02d9134391f5694413e7012336a5c67b549e65/rust_reversi-1.3.2-cp312-cp312-manylinux_2_17_aarch64.manylinux2014_aarch64.whl", hash = "sha256:eaa90d5daee479eb7de7a2d25ec23e916146935e5d682b8421c42e3c001b3744", size = 480060 },
    { url = "https://files.pythonhosted.org/packages/b4/1a/fb2395f228a54a103361cbbd96015b3e5fe5d143c375379ef60958cd4607/rust_reversi-1.3.2-cp312-cp312-manylinux_2_17_armv7l.manylinux2014_armv7l.whl", hash = "sha256:a503405101c654929e63a58f025cf6a7441a6f334a20df7cbe8bf7c639f50e05", size = 482455 },
    { url = "https://files.pythonhosted.org/packages/68/f3/dbf712d8f7d5f0bdf57fc0c863eb482bc29a2243d5ed3075e3987932fe0e/rust_reversi-1.3.2-cp312-cp312-manylinux_2_17_i686.manylinux2014_i686.whl", hash = "sha256:a6ebeee4737a82483ccb33b13ad0d307ab79c3ae766408fec53fc6d634f99d91", size = 511173 },
    { url = "https://files.pythonhosted.org/packages/77/30/cbdff0c10383b947a85b69dd64ef8c5ac47a013dcb9fe6bd892c12856b6d/rust_reversi-1.3.2-cp312-cp312-manylinux_2_17_ppc64le.manylinux2014_ppc64le.whl", hash = "sha256:b39bbb0269a6047036ef24c3d9815b55ba7cc0f4719834098825e05a6674bded", size = 537308 },
    { url = "https://files.pythonhosted.org/packages/01/0b/5f566bd83518122838811e5b1216b3c708dc8dee146ade178b930f5fa07f/rust_reversi-1.3.2-cp312-cp312-manylinux_2_17_s390x.manylinux2014_s390x.whl", hash = "sha256:11da933e97e8ad364b6cb22ed78669384bd8bdbe22f71c725a5f3c55ae04ed0e", size = 545637 },
    { url = "https://files.pythonhosted.org/packages/80/59/a30aa9057d415ab47a5c0e86166866f30fda2142d17c9eb27b53f7d08604/rust_reversi-1.3.2-cp312-cp312-manylinux_2_17_x86_64.manylinux2014_x86_64.whl", hash = "sha256:8c7309f245c828139ad602db24de6443d6bdc440f69aff51fb768f6cb02a87ab", size = 486254 },
    { url = "https://files.pythonhosted.org/packages/34/a6/d1faeb2850743aff7d9ca661b3a962c4b0c754380b76c4c5d6a94a86b88a/rust_reversi-1.3.2-cp312-cp312-musllinux_1_2_aarch64.whl", hash = "sha256:1fb244a01ad4eba826f4993d228b2d30a3c2e324ed811ff3a122e371f0f05f61", size = 652138 },
    { url = "https://files.pythonhosted.org/packages/24/58/f33990ea323a100fe1e0511ee04d335325f9228a35e90c77d839c25cd875/rust_reversi-1.3.2-cp312-cp312-musllinux_1_2_armv7l.whl", hash = "sha256:086cac323ea845fc3c9dea600da1ce35cb183ab47b49c75fc16822e2562d7e56", size = 743933 },
    { url = "https://files.pythonhosted.org/packages/2f/03/719312d30c8db26699527606e666953732f9823386758ca68eedbcf621b4/rust_reversi-1.3.2-cp312-cp312-musllinux_1_2_i686.whl", hash = "sha256:8344f1b115ecd76c3ee60ce73eed7ccaa69cde7876e83e4b392fee49662bfef5", size = 681662 },
    { url = "https://files.pythonhosted.org/packages/8a/9a/b7ff251c9edb9d8e9a8d444f441f50d115b0044675d585c9d89670db3df6/rust_reversi-1.3.2-cp312-cp312-musllinux_1_2_x86_64.whl", hash = "sha256:57029ec867561e2f510452f66231bde570ff119cac9a8c17b8d056a35e96ecbf", size = 655876 },
    { url = "https://files.pythonhosted.org/packages/c0/92/af0feef82b577638f3f5d421100b52db2f77ef144211f626e6f85b5209db/rust_reversi-1.3.2-cp312-cp312-win32.whl", hash = "sha256:98a385ab1f093fe72f3276e7a0557adf8903fd9824711a6834a7ce9b0dbdff38", size = 321427 },
    { url = "https://files.pythonhosted.org/packages/1f/5f/122d43680e13fa889b3380635e7bcfc23f167082f424fae3cf53fef20cde/rust_reversi-1.3.2-cp312-cp312-win_amd64.whl", hash = "sha256:c108caa6f2b182ab7832bb7a859588a82a7f4cd46b74e30a4ecf606461935e0a", size = 342678 },
    { url = "https://files.pythonhosted.org/packages/d3/bb/9af71d595e368e8cd967fecb4db393d8a1f2f1e181c4f12079fb2ed67354/rust_reversi-1.3.2-cp313-cp313-macosx_10_12_x86_64.whl", hash = "sha256:36ec54f22b465c9b365a9687df08b2b986fbbe06f63f43650e3ad1d4fa3d4b8f", size = 437802 },
    { url = "https://files.pythonhosted.org/packages/31/cf/536c80addb57779060c52d5ba00c6c8b91bdb44d820e8242fbbc92caefc3/rust_reversi-1.3.2-cp313-cp313-macosx_11_0_arm64.whl", hash = "sha256:7b1174007e8d2583a35b1c65d90ba452987c38608e27a3f0e03558ee4625c7c5", size = 422503 },
    { url = "https://files.pythonhosted.org/packages/ed/5c/fad266a10569f6b0fdc1db8e870091ccd0b6efdf1be060cbb79941ce9f16/rust_reversi-1.3.2-cp313-cp313-manylinux_2_17_aarch64.manylinux2014_aarch64.whl", hash = "sha256:b22950ac5a92eb86b701d7895f456fad0e2ca0e7523ac5f04b147d393b7b06df", size = 480424 },
    { url = "https://files.pythonhosted.org/packages/71/99/afe5d3951df9024fdf3198ea0f3e23bc35ceffc583261f16ef7853c9ceb1/rust_reversi-1.3.2-cp313-cp313-manylinux_2_17_armv7l.manylinux2014_armv7l.whl", hash = "sha256:8144c5d11d5d39cefd77744bd02e49de08f2193f8bbf3117e1f83e8c40eff26d", size = 482325 },
    { url = "https://files.pythonhosted.org/packages/0f/41/0db5fb013aeea9c3550f4e52e37c9adb1710572a6e85119ae9932b392de0/rust_reversi-1.3.2-cp313-cp313-manylinux_2_17_i686.manylinux2014_i686.whl", hash = "sha256:a287a18dd7e7e85dfc8fc67bc28644e4968f04d498209e9ffe3cf823659de6f4", size = 511292 },
    { url = "https://files.pythonhosted.org/packages/10/8f/d8382c4abf46ed4913d0091718b31ad375be539f5ef80afff80e4e68235a/rust_reversi-1.3.2-cp313-cp313-manylinux_2_17_ppc64le.manylinux2014_ppc64le.whl", hash = "sha256:277b1dce63b37c5c44cf0a4f2252ec89432ea5ec72f3585b9e2831c25fb7c9e9", size = 537106 },
    { url = "https://files.pythonhosted.org/packages/23/ae/62d7b09cbd9934a5672f7a1911f5a7ee0e85a413a478aee5271aea990240/rust_reversi-1.3.2-cp313-cp313-manylinux_2_17_s390x.manylinux2014_s390x.whl", hash = "sha256:62ba71911e7000f33b7b05ae4e1c0d05030ca436c8b642fcccfd1c186b47b33d", size = 544779 },
    { url = "https://files.pythonhosted.org/packages/12/cb/ceb56e4034b3f975eff9a8d08bea21d3a02441894451229638374f8ec987/rust_reversi-1.3.2-cp313-cp313-manylinux_2_17_x86_64.manylinux2014_x86_64.whl", hash = "sha256:c8fb26f4c1d82a636828b1afcf038edf2571b2d9411a2cab99bd845fb2fb15db", size = 486822 },
    { url = "https://files.pythonhosted.org/packages/53/37/0feea9e5fc45a2aa5b858a88dd915e612f71326b0d3d6d3156480d158d02/rust_reversi-1.3.2-cp313-cp313-musllinux_1_2_aarch64.whl", hash = "sha256:783ed21a111fe04e6eebd5f8d8cff37f59b147b720ed498a6e79c42a6d626075", size = 652456 },
    { url = "https://files.pythonhosted.org/packages/1c/6e/2a32de58e2da99967d9d2a4eb25b7d8560d0cd26639c59cb64158db20c41/rust_reversi-1.3.2-cp313-cp313-musllinux_1_2_armv7l.whl", hash = "sha256:3ef260b9f217eb6beed0af98a7261953d000ac97a903843f705dcdb15c075f66", size = 743929 },
    { url = "https://files.pythonhosted.org/packages/1d/cd/53e4d46f5058287c789756d5ce01becd46e7efa2bdc5cd0f551aff99550c/rust_reversi-1.3.2-cp313-cp313-musllinux_1_2_i686.whl", hash = "sha256:eab7b3b3fdc7b739c0e90f56782fd276bacdda38423823888a86b4e2605871af", size = 681628 },
    { url = "https://files.pythonhosted.org/packages/ec/26/8e7b0c2e69e226d1f914ac1784e5dbca59ff5c83fb242b669006c5cc89f1/rust_reversi-1.3.2-cp313-cp313-musllinux_1_2_x86_64.whl", hash = "sha256:e4420e50c3fb6f54196f7c822c2e9f0d0b9d66d95347ee46eac8b61f018785e5", size = 656412 },
    { url = "https://files.pythonhosted.org/packages/47/ac/2f1b7fc8215f11cceb6346bed267477ded11c7c306b2dac2415d3b57a819/rust_reversi-1.3.2-cp313-cp313t-manylinux_2_17_aarch64.manylinux2014_aarch64.whl", hash = "sha256:ddb08c352406d4f1a1fb09fbf518d33fa148d58ad5f4cbf010b1dbe389ce9873", size = 477494 },
    { url = "https://files.pythonhosted.org/packages/d3/27/a60455a8c56b4966520ff4045db22302ad6b14e50417258f9d465e6be39c/rust_reversi-1.3.2-cp313-cp313t-manylinux_2_17_armv7l.manylinux2014_armv7l.whl", hash = "sha256:22f355f195f78397c2ec16f795e7183dbf3ceb29a9ea8b400ff688f033f16ca9", size = 480782 },
    { url = "https://files.pythonhosted.org/packages/ab/b1/89c9854df4b21ca8fcd1bec51baf498928acd81572828a4c216d7050483a/rust_reversi-1.3.2-cp313-cp313t-manylinux_2_17_ppc64le.manylinux2014_ppc64le.whl", hash = "sha256:3f1f95ad445b40315d41806f7dd637ee6a13afd91aa43cf29aa6fa9c73228d39", size = 535308 },
    { url = "https://files.pythonhosted.org/packages/c5/6f/4425e58274da40284ff3600dea8a72781a22f733598ed1f89e09eb9feef2/rust_reversi-1.3.2-cp313-cp313t-manylinux_2_17_s390x.manylinux2014_s390x.whl", hash = "sha256:41db8a2a5243d5d673a6531057c15d4f9c5658199913e385f87a0ca96a87a808", size = 545165 },
    { url = "https://files.pythonhosted.org/packages/69/65/808b3a3a3e470e8c00ee198e244bdf431d035122dfaf9f1f7ba00f529d3f/rust_reversi-1.3.2-cp313-cp313t-musllinux_1_2_aarch64.whl", hash = "sha256:da61b25ea01a566e4b7f9e1fb8535bb7a8d9f0c36941132fcfceae25aee8f0fc", size = 648552 },
    { url = "https://files.pythonhosted.org/packages/91/10/ab50e643f0934f40bb3dfa5e47002d3d978e31664d371cb3c63d9b723c49/rust_reversi-1.3.2-cp313-cp313t-musllinux_1_2_armv7l.whl", hash = "sha256:5e81ae0d3b2ec5aeba870e180644e88b236343aa99988c410959b60932588233", size = 741975 },
    { url = "https://files.pythonhosted.org/packages/b5/5b/c04302af79f2c978e171156853b814464d6a99488e3a4946832895096063/rust_reversi-1.3.2-cp313-cp313t-musllinux_1_2_i686.whl", hash = "sha256:b130ab87865cb06eb851f49296e2d5c041395ce2ae37126ae0978717463f103b", size = 679784 },
    { url = "https://files.pythonhosted.org/packages/09/58/bc708b8475ac1bc638c6bced1861bf21a97a9acfd8c5d7b2647b63d8972e/rust_reversi-1.3.2-cp313-cp313t-musllinux_1_2_x86_64.whl", hash = "sha256:5007025c9b3feda45ec6a9ca81451344f33e326b0aa8716435a7265b851bc52d", size = 654506 },
    { url = "https://files.pythonhosted.org/packages/14/d3/4f8882436dfe429ffb66f8e89a67404301594018421b9b45e12b4ca53389/rust_reversi-1.3.2-cp39-cp39-manylinux_2_17_aarch64.manylinux2014_aarch64.whl", hash = "sha256:1c6231eb3cae1b6512f12f03fe96fe51a5d16a086695c75898ca86fec3bfc71c", size = 482856 },
    { url = "https://files.pythonhosted.org/packages/54/f7/038cd5676ad35e39a040fc16fb21de43455c02c5df5fd535cd925e4a9b0e/rust_reversi-1.3.2-cp39-cp39-manylinux_2_17_armv7l.manylinux2014_armv7l.whl", hash = "sha256:d1df9d0f7532e30a5f287c9847e8b93fb780cc12661b79f1fd14fbd6441bb9a6", size = 483839 },
    { url = "https://files.pythonhosted.org/packages/14/8f/4b749988e6303daa5a4176ca804f3a6d900dc4fd8d2a03cecbc34e257fdc/rust_reversi-1.3.2-cp39-cp39-manylinux_2_17_i686.manylinux2014_i686.whl", hash = "sha256:cdfe9011181dfbcad879e52c6807ccd4f325fd4d2d8c997a7f2666b1fe4e2436", size = 513542 },
    { url = "https://files.pythonhosted.org/packages/69/17/52c2157dbbe8a7fbcc08b70f20b47901276babf4c643a3e0e3ab2986598a/rust_reversi-1.3.2-cp39-cp39-manylinux_2_17_ppc64le.manylinux2014_ppc64le.whl", hash = "sha256:2063c1017b532577c94243fe678e5599a7f927a74cd8b76f17633f5827f0e5fa", size = 538869 },
    { url = "https://files.pythonhosted.org/packages/d0/1b/dff48a2565ffb19157aadb490492721d379ee0b7c09c779c2482a0e20a0f/rust_reversi-1.3.2-cp39-cp39-manylinux_2_17_s390x.manylinux2014_s390x.whl", hash = "sha256:35f71d3ac64e6557fa3dca355235cd6a39ba2e4499760402937ce6444795690c", size = 548183 },
    { url = "https://files.pythonhosted.org/packages/dd/32/4b2e64581f950e9b03d4771baccf9baf5d58121989158f903f76c1a676b4/rust_reversi-1.3.2-cp39-cp39-manylinux_2_17_x86_64.manylinux2014_x86_64.whl", hash = "sha256:e2fb7323c4b45a4e4362dc576a436007c2c73e94a61d80c0237f2a572790d5d0", size = 489657 },
    { url = "https://files.pythonhosted.org/packages/96/ea/f45392facda4da78915b56ba8c02875e32f72520e0ba119122a434b9a146/rust_reversi-1.3.2-cp39-cp39-musllinux_1_2_aarch64.whl", hash = "sha256:c4e452d8bc405f200e4727eccc1fba90cf027d8c1bcce3d45bdda5070d4c65d8", size = 654119 },
    { url = "https://files.pythonhosted.org/packages/75/ca/1f97549d81e2f4bdc4f86ff59f02053b79cfdeea8f9d9db47b72ee00f3f4/rust_reversi-1.3.2-cp39-cp39-musllinux_1_2_armv7l.whl", hash = "sha256:cf9588b49df21bded97389d5c7b643479b042dd33443aa95f965b5208aa02a7b", size = 745557 },
    { url = "https://files.pythonhosted.org/packages/e0/a1/67ef917789107e213e7a5d53cf0d40ea0f8c8131484dcda1e1c5964d4101/rust_reversi-1.3.2-cp39-cp39-musllinux_1_2_i686.whl", hash = "sha256:c42c82348ac3bb06ce8c111d10a80a5e0ab23b28dd676e1bfbeb08fc8e8681f5", size = 683615 },
    { url = "https://files.pythonhosted.org/packages/b6/79/726add36e357be5cee504b5ec9560a87eb48d8e08c5b6147812c3ef1ed6d/rust_reversi-1.3.2-cp39-cp39-musllinux_1_2_x86_64.whl", hash = "sha256:f6668443d23667d9ad400ed4b14c7a214e4ca3c92480d2e1dc358572628c82ca", size = 658166 },
    { url = "https://files.pythonhosted.org/packages/d1/1f/87e24d5f56a7db4b91012f56dfe41edc3e9f263c079640a7dff9bc5c5b3a/rust_reversi-1.3.2-cp39-cp39-win32.whl", hash = "sha256:cd944dc67e5e27746fcfda4b1d2df337ce8ee8e679428e284810ab5d20acc4cc", size = 322183 },
    { url = "https://files.pythonhosted.org/packages/15/19/5441d1c6088c7f8e5d8941d9884c4786d831eb38be6488dea63c5cdcbbf7/rust_reversi-1.3.2-cp39-cp39-win_amd64.whl", hash = "sha256:9bf86ab9d21322d9f5d1c87959b63811a626ba080d66a27732c8254f0afd0fdf", size = 343337 },
    { url = "https://files.pythonhosted.org/packages/76/a0/f9029160e68cb97de068fd0763d62e2784a6f9ea7e0b5ea68e091f38b5eb/rust_reversi-1.3.2-pp310-pypy310_pp73-manylinux_2_17_aarch64.manylinux2014_aarch64.whl", hash = "sha256:c75a8b45883205d9123c74e354e6eb80ce2267e0c373a581ac83f541729f6b08", size = 480721 },
    { url = "https://files.pythonhosted.org/packages/1b/61/be8256942ba6267de4c69798f5e40758ce7cf22f80870809c3c7b4939aea/rust_reversi-1.3.2-pp310-pypy310_pp73-manylinux_2_17_armv7l.manylinux2014_armv7l.whl", hash = "sha256:15b21f976323c6b83b1e567baab04d8c0e05456e236990deb2852ce4c297c477", size = 482317 },
    { url = "https://files.pythonhosted.org/packages/0d/eb/dd3cde77edfcd908db397279209689d327a9288d442c7bc0d8cf623e841a/rust_reversi-1.3.2-pp310-pypy310_pp73-manylinux_2_17_i686.manylinux2014_i686.whl", hash = "sha256:a67dd419db841f0a08d55035d0c5bbe4ccabc5907169c6e1e62ae722fd3ff293", size = 512173 },
    { url = "https://files.pythonhosted.org/packages/56/52/9b1977d08b2781bc229ce09bb24bd9516dcea9fae11884c0a4c52d1e798c/rust_reversi-1.3.2-pp310-pypy310_pp73-manylinux_2_17_ppc64le.manylinux2014_ppc64le.whl", hash = "sha256:75c1f2676fc27ea44d0a5cb86c688493ceb6152236d2002e4e85f009a06d0805", size = 537673 },
    { url = "https://files.pythonhosted.org/packages/1d/42/76843bbfa0b344a5f432b245f082f9f99b332f166ebe2f549a4995867e6d/rust_reversi-1.3.2-pp310-pypy310_pp73-manylinux_2_17_s390x.manylinux2014_s390x.whl", hash = "sha256:abdfebca906ebed8d4bf43d5bebbd4072c8f1b325a66144b5a23437b7875a457", size = 545931 },
    { url = "https://files.pythonhosted.org/packages/65/c5/28e33712d805d6e5e97044bc38ae47bc7e07b75f484d84cbf62a49dcf30c/rust_reversi-1.3.2-pp310-pypy310_pp73-manylinux_2_17_x86_64.manylinux2014_x86_64.whl", hash = "sha256:81b2f34be8afda6f168c8622ba7fb30c08a9277f747cbaf962bb859876367bd8", size = 487764 },
    { url = "https://files.pythonhosted.org/packages/ab/14/afee2bddef7fb094186969a51b523d50f90bf95cc488b2c423c4b5ea4c84/rust_reversi-1.3.2-pp310-pypy310_pp73-musllinux_1_2_aarch64.whl", hash = "sha256:8f74a5bf1417ae0d06868f10261bce2a4d0f07a3514f7a01b3d8c04a65bb2973", size = 651898 },
    { url = "https://files.pythonhosted.org/packages/76/19/f0f8a286c58292fc1812e04a8ab19b5e00ebb4ee43d18b06922a45e86e5d/rust_reversi-1.3.2-pp310-pypy310_pp73-musllinux_1_2_armv7l.whl", hash = "sha256:af483f3aa811e1629f2e4262bf521e124471f22f902b83e6532f9d5b6241c9bf", size = 743887 },
    { url = "https://files.pythonhosted.org/packages/cf/3c/2368878d7914049fcfcadbdc0ad5d43b9af88fdee21297e90955275ff703/rust_reversi-1.3.2-pp310-pypy310_pp73-musllinux_1_2_i686.whl", hash = "sha256:9dd01cd937197cebfe7602634a2b9b6ccf1543182491e808a6427234e3b88ae0", size = 681974 },
    { url = "https://files.pythonhosted.org/packages/0a/0e/ed33eb18dbbbe4b155b68bfe677fc17d34de338a5c9aa851833f62620f22/rust_reversi-1.3.2-pp310-pypy310_pp73-musllinux_1_2_x86_64.whl", hash = "sha256:e72c630761ea5a54d96e050aa85567e3cb2e99c5aa6d71a708d5b2dcd5b4b063", size = 656830 },
    { url = "https://files.pythonhosted.org/packages/8d/9a/8bfb0687de0f22e686ecf4d6734034361b00994b45c78e606298716f2e1c/rust_reversi-1.3.2-pp39-pypy39_pp73-manylinux_2_17_aarch64.manylinux2014_aarch64.whl", hash = "sha256:5a5e8e0d1c9684c46692ab8020bcec373e65f54dd42f4b5ce82c91e2b97688e8", size = 481318 },
    { url = "https://files.pythonhosted.org/packages/b3/4d/ccc050007c3a81ada99f7ddf1219697ae02a2899fb619cd32de74ca86c55/rust_reversi-1.3.2-pp39-pypy39_pp73-manylinux_2_17_armv7l.manylinux2014_armv7l.whl", hash = "sha256:3cb181167fc5bdfdc9808277dbf6363e9c823391c2db4d6ad6c367e16da99006", size = 482938 },
    { url = "https://files.pythonhosted.org/packages/68/53/4604433d6cf20b27a63c268b0b9073b01e8dc9bd66823d5898151514b185/rust_reversi-1.3.2-pp39-pypy39_pp73-manylinux_2_17_ppc64le.manylinux2014_ppc64le.whl", hash = "sha256:dfb0e53582fa1f97a0887278b5a9eb7ea47d394002693c29f16d64fa37ba96c8", size = 538092 },
    { url = "https://files.pythonhosted.org/packages/64/e0/a117e5610b6c74baba1af5e59f2f733fd2791eac2e815a41999bc87b8a53/rust_reversi-1.3.2-pp39-pypy39_pp73-manylinux_2_17_s390x.manylinux2014_s390x.whl", hash = "sha256:21ea11e62a4a5fde8549d9af531636a649f2ed58a9e0cf06ba59fb9fdfba3518", size = 546259 },
    { url = "https://files.pythonhosted.org/packages/14/7e/6f070a562b8d6ef1098b90fc2499ff7523bd98085636eb5adfbcbea9c19c/rust_reversi-1.3.2-pp39-pypy39_pp73-musllinux_1_2_aarch64.whl", hash = "sha256:7fd9421e2bc96d89ee15ff355fae978439a20293515947b3f437c8daa150d391", size = 652420 },
    { url = "https://files.pythonhosted.org/packages/6d/76/6747ea243254c38d60b7d8c0d7b854dbc88897fffa9a9e728449c5ae43f1/rust_reversi-1.3.2-pp39-pypy39_pp73-musllinux_1_2_armv7l.whl", hash = "sha256:51dc660d636a1fb9431834ff11dd7ff94f5da077c73257db3f3532bc031bc0aa", size = 744146 },
    { url = "https://files.pythonhosted.org/packages/a1/7c/a286d02fe248fa8e6f2f70a327d76c5d3ccdb8731a0a1b6fd0cdc9f7db48/rust_reversi-1.3.2-pp39-pypy39_pp73-musllinux_1_2_i686.whl", hash = "sha256:d786d0e5a077e34e0b8905ef897f8f8659086ed96dcad8e7e151ef5fbfc1f503", size = 682391 },
    { url = "https://files.pythonhosted.org/packages/77/fc/c41242287b431d6e02a0d3212b427b872a3cb5240979c310e769d9c17ee0/rust_reversi-1.3.2-pp39-pypy39_pp73-musllinux_1_2_x86_64.whl", hash = "sha256:19f7f2376d633c4a8f11a0d9816e45a28b82199a5565fc6dbdb68410a9789756", size = 657281 },
]
