version = 1
requires-python = ">=3.9"

[[package]]
name = "ga"
version = "0.1.0"
source = { virtual = "." }
dependencies = [
    { name = "rust-reversi" },
]

[package.metadata]
requires-dist = [{ name = "rust-reversi", specifier = ">=1.3.3" }]

[[package]]
name = "rust-reversi"
version = "1.3.3"
source = { registry = "https://pypi.org/simple" }
sdist = { url = "https://files.pythonhosted.org/packages/5a/5c/afcbdf7fd7baee9e972c48d906c88614eb8b977dbc7f047edc45035577a4/rust_reversi-1.3.3.tar.gz", hash = "sha256:9ab83d0b82ae63f15f56700d3b35ad7d44781c08626c7647c92aa9cc4aef0769", size = 53963 }
wheels = [
    { url = "https://files.pythonhosted.org/packages/db/18/49e9083616d0aec2b597659ce9354d027371719a71ea022ccbd8da968235/rust_reversi-1.3.3-cp310-cp310-manylinux_2_17_aarch64.manylinux2014_aarch64.whl", hash = "sha256:6b7795bbf4fdcf6e5905c70c0417efe4408f0529ee12b465e4a0974aad7f9075", size = 512265 },
    { url = "https://files.pythonhosted.org/packages/1f/1d/55e9d57d83313871d8bb1cd4311417d2954e6c80c2c99ce38fff75d0455d/rust_reversi-1.3.3-cp310-cp310-manylinux_2_17_armv7l.manylinux2014_armv7l.whl", hash = "sha256:d85689ad6b9a59053854d621c80a6797d4cd976920bc9807624906c1ec596ee2", size = 518305 },
    { url = "https://files.pythonhosted.org/packages/d3/f8/5896a94992d7f040770890b506454af522200ab181c5efdebdf548b40dd9/rust_reversi-1.3.3-cp310-cp310-manylinux_2_17_i686.manylinux2014_i686.whl", hash = "sha256:b129b9f6aa122deda8359a10285d7d7f680d4f01b7acf64c56577b11648d1ecf", size = 554192 },
    { url = "https://files.pythonhosted.org/packages/97/03/4c82bfc63a93fd625c048361cf39c29b6407890bea85016c78b17fc18355/rust_reversi-1.3.3-cp310-cp310-manylinux_2_17_ppc64le.manylinux2014_ppc64le.whl", hash = "sha256:08f64ab02d4f0d77ef7eab7fe6961883fe578d20ec1cf0970a51bbbd02766bce", size = 571086 },
    { url = "https://files.pythonhosted.org/packages/fd/5c/a8a1c93b7677e4d1c090491193dae65b3ced759ff98a0b1bc421c099a26d/rust_reversi-1.3.3-cp310-cp310-manylinux_2_17_s390x.manylinux2014_s390x.whl", hash = "sha256:da359960da867b439f99bd6c663b98383da7e2e2989f04f6ee15a054ea8643e6", size = 588257 },
    { url = "https://files.pythonhosted.org/packages/7b/3b/464101176e663a887dad19c0e9b10816da075999ff476a8818594a50597d/rust_reversi-1.3.3-cp310-cp310-manylinux_2_17_x86_64.manylinux2014_x86_64.whl", hash = "sha256:c59cb450e0353ef4f4046ed1b165b732ec8402d760c46a27a92c5e548f7e5252", size = 519080 },
    { url = "https://files.pythonhosted.org/packages/20/e2/d2b5e071202420da98aedd5e28619a69d118d1d351b0f3ea28bb3e13437a/rust_reversi-1.3.3-cp310-cp310-musllinux_1_2_aarch64.whl", hash = "sha256:ffc572de27d390535bc446b2b5fa4dc82c8a7f80b87a406aef9c5edacef0d501", size = 687875 },
    { url = "https://files.pythonhosted.org/packages/6d/31/037b6d58b63fe39daff9290cc3c062356795fa792874871a209a22f574c0/rust_reversi-1.3.3-cp310-cp310-musllinux_1_2_armv7l.whl", hash = "sha256:7c1183d730bcd1a11c2be3dc89fdf8a6ac5b08535eed139d8fd05a2940b5be68", size = 778414 },
    { url = "https://files.pythonhosted.org/packages/b0/c5/b6fda7ad435bac74c7377513f0032680594ed5844595ec03a9b63fcee5b1/rust_reversi-1.3.3-cp310-cp310-musllinux_1_2_i686.whl", hash = "sha256:aa7c86f0109f385f362eafa1cec794949d66ce494d9f47f573ce8470444eb0e0", size = 720066 },
    { url = "https://files.pythonhosted.org/packages/7b/1a/8ddabc42425ee21034d7c31675f679347ec67f7bf6470e23c8fa5cd0ad6d/rust_reversi-1.3.3-cp310-cp310-musllinux_1_2_x86_64.whl", hash = "sha256:d0fd29453380c13d6639a5de632057577d6aca8c281f191306623c4926272e91", size = 688736 },
    { url = "https://files.pythonhosted.org/packages/63/42/c9d455f43a5f65bfb489c8b0dbb8cdbe4b9d84ac28f0d8525dadc5a91659/rust_reversi-1.3.3-cp310-cp310-win32.whl", hash = "sha256:36c403383c1a006013f3052a2e9f8d50d626b63c19af0ace9f1cf05774635c8a", size = 344135 },
    { url = "https://files.pythonhosted.org/packages/db/67/c5060d4c45044920fb9eba58e62d6a32c80a944b8988e65667d4d4b67547/rust_reversi-1.3.3-cp310-cp310-win_amd64.whl", hash = "sha256:375b712ce1776bb3e1ebb9791c4c8b657e47fa995bbceed893b13d1588cc0918", size = 365696 },
    { url = "https://files.pythonhosted.org/packages/04/de/81c0dca88c48072a7819c17726eea2aaaf01b0f56fe07e54918ec399609e/rust_reversi-1.3.3-cp311-cp311-macosx_10_12_x86_64.whl", hash = "sha256:b43f5fc37f96e5ab770e4c4cd3bf05be84ca40073936decab53dba8441ed1b1f", size = 478143 },
    { url = "https://files.pythonhosted.org/packages/9e/fc/5d2933234189560bf7c0eef35e0e73ebd0ed53ed4819dcfdd49ad331da8a/rust_reversi-1.3.3-cp311-cp311-macosx_11_0_arm64.whl", hash = "sha256:179962e2c2faeec811534bf34803d45e74bee002be2fd1cae5cb2236b265876d", size = 463261 },
    { url = "https://files.pythonhosted.org/packages/45/41/36fb2c9cb6bf719f421c12160a987e0777b6790305b795c859e5088ea5af/rust_reversi-1.3.3-cp311-cp311-manylinux_2_17_aarch64.manylinux2014_aarch64.whl", hash = "sha256:588db7102adfe82537d4c934f098e4e5a57844b56565f3d4d9896ed7ad627bcd", size = 511999 },
    { url = "https://files.pythonhosted.org/packages/b9/42/8f4364f4be983cdb5c4737d5b2b316e71f577e837a4dbb76e108a4d436c2/rust_reversi-1.3.3-cp311-cp311-manylinux_2_17_armv7l.manylinux2014_armv7l.whl", hash = "sha256:7a19ad68ef88748b01c756f032732f773a418aa69705593903a047a4a446596a", size = 517352 },
    { url = "https://files.pythonhosted.org/packages/60/13/ff30e2f3d8a75939670fa4b45a2ae43d80f4384b5ef088eaa399d5e408ec/rust_reversi-1.3.3-cp311-cp311-manylinux_2_17_i686.manylinux2014_i686.whl", hash = "sha256:58365c30287dc3f15f4c783e958e3cb25443d84e0613e8ad0ca55813dab78bd3", size = 553491 },
    { url = "https://files.pythonhosted.org/packages/ec/82/a1d3a14a7b2ca34c99c9feecca05553d710fecaf7932f93014c5956d7670/rust_reversi-1.3.3-cp311-cp311-manylinux_2_17_ppc64le.manylinux2014_ppc64le.whl", hash = "sha256:2283dae85746823551192a443794f964abadb9f68ab8ac489dbd0f7cb3cc5758", size = 571337 },
    { url = "https://files.pythonhosted.org/packages/45/10/3e17818d332fa02fadcdb39f112949b49d292a593af95091ba8662c0dbda/rust_reversi-1.3.3-cp311-cp311-manylinux_2_17_s390x.manylinux2014_s390x.whl", hash = "sha256:77a58b18785394c99367f6c5fc1d3b14cfd47dc404376938dd26e57fb3130643", size = 587474 },
    { url = "https://files.pythonhosted.org/packages/69/1b/9df65c62fcaa6049e7d09f7bed50b37e643813880fb14f089edf1d09742c/rust_reversi-1.3.3-cp311-cp311-manylinux_2_17_x86_64.manylinux2014_x86_64.whl", hash = "sha256:8a5307a7125d3242bf07517eced61cf64fd8a8a4fe2607641fadc2009b8023b1", size = 519054 },
    { url = "https://files.pythonhosted.org/packages/ef/d4/8cfd71f8a934d7d279d64f33a134b5456473a294d1863d962f73b716097e/rust_reversi-1.3.3-cp311-cp311-musllinux_1_2_aarch64.whl", hash = "sha256:c9ec582f768a4179975b0c13979fb9d9fdc83000b99aa3d6b7b890c092fa8216", size = 687719 },
    { url = "https://files.pythonhosted.org/packages/d6/1c/09c1dd61a8117f6002b0ea0f970653106198af2bafb39c75ed44e63bb131/rust_reversi-1.3.3-cp311-cp311-musllinux_1_2_armv7l.whl", hash = "sha256:ff62604072c9a531806d1514e31badc0c1d0389848cbbd8aaf4667ff4c93afca", size = 777248 },
    { url = "https://files.pythonhosted.org/packages/93/a7/b5a51864717747a1bbdbe3e44511e85b4513401853e14cd396ce52d9ecaf/rust_reversi-1.3.3-cp311-cp311-musllinux_1_2_i686.whl", hash = "sha256:ec9285ada0c9ba530ed14027ce51c20b2c83a6169af310df68c947ef6ddc3aa7", size = 719056 },
    { url = "https://files.pythonhosted.org/packages/e3/fe/14a0e21cfbff700641fbc7ae8ad92825386a4d360c87fb4cb5ed4a8e9d36/rust_reversi-1.3.3-cp311-cp311-musllinux_1_2_x86_64.whl", hash = "sha256:c410d4f9645c9fd579e4e1f4efa794c660c79965e6ec8a24cb8ac4fc8ef9b7dd", size = 688917 },
    { url = "https://files.pythonhosted.org/packages/32/19/9eba28052468d9cc059dc5d8599d99fe7f35dd66a32789549ab493c68f15/rust_reversi-1.3.3-cp311-cp311-win32.whl", hash = "sha256:31662cf716458054f94655ac2c3d6c5fdff0b18b469d2ed1b27f11267c36b141", size = 344958 },
    { url = "https://files.pythonhosted.org/packages/0a/71/91f24ec8c3787fb72c1f781e01d4e712c3aee875c4e7067c1351147265c5/rust_reversi-1.3.3-cp311-cp311-win_amd64.whl", hash = "sha256:8a63f4e2f756f3778598132b3febbba347f428599ccd9c503375b603ba6c3b5a", size = 365918 },
    { url = "https://files.pythonhosted.org/packages/2e/61/0e754cb2a202950c9b5cb3f4ba8f1b2f6ba9dc6bd1c13fbd65df81e6cb1d/rust_reversi-1.3.3-cp312-cp312-macosx_10_12_x86_64.whl", hash = "sha256:eed61ddae48380652b3733ead068a2d8ceb1c459e3e91c283af3c68a23fb1de4", size = 472105 },
    { url = "https://files.pythonhosted.org/packages/8d/d9/32ea9a50f1ccbb822fb9b5c5a16bb1a1fbbbb72d06c3b2d5b89167299109/rust_reversi-1.3.3-cp312-cp312-macosx_11_0_arm64.whl", hash = "sha256:4f69da92abaa8b154ae854bb10346063b7af271a77e2837aef7f9a0894c02332", size = 459241 },
    { url = "https://files.pythonhosted.org/packages/64/d8/4ce2e8ae0225b69188cc22da82a99444c019477a58fb642c8c9d7561040e/rust_reversi-1.3.3-cp312-cp312-manylinux_2_17_aarch64.manylinux2014_aarch64.whl", hash = "sha256:b7e96b235e62385b77bf741e06546b40deccb9875bccdc7277754058c9bdf603", size = 511773 },
    { url = "https://files.pythonhosted.org/packages/de/51/a15bc20ed2b023f532a798fcf70898c2547d867cdae025e578152294817c/rust_reversi-1.3.3-cp312-cp312-manylinux_2_17_armv7l.manylinux2014_armv7l.whl", hash = "sha256:41c42dda5fa97b4bf698ff755fe7e4c821029460ff551b439e2e96192216f101", size = 518642 },
    { url = "https://files.pythonhosted.org/packages/b0/67/b6206aadd043eff0289fa8012a942301e91c9884f66177076b3400812f51/rust_reversi-1.3.3-cp312-cp312-manylinux_2_17_i686.manylinux2014_i686.whl", hash = "sha256:822873e23a1bf01632ada47d771780a48c9c18cb94b8ce2560a9e6a048a6c3e0", size = 553202 },
    { url = "https://files.pythonhosted.org/packages/6d/82/9da84961afd32429658408b056ccfc753d2a890f4370aacc1416331cb0c1/rust_reversi-1.3.3-cp312-cp312-manylinux_2_17_ppc64le.manylinux2014_ppc64le.whl", hash = "sha256:d4a6e466bb4d8ce58d5c75671fb70ed611c64fbc5f832422da184425f7d50788", size = 572622 },
    { url = "https://files.pythonhosted.org/packages/20/61/2755fb5e986d31aa6aed8a6f24b9099f35428917f9b1b717805ec9442108/rust_reversi-1.3.3-cp312-cp312-manylinux_2_17_s390x.manylinux2014_s390x.whl", hash = "sha256:1e54fa12efe76068bfd779d17b2ab3459921a68a89640ad9acae93455557bd73", size = 587578 },
    { url = "https://files.pythonhosted.org/packages/c9/db/d3d9c8ea46328d2baa95804e3b219ac080da849b790b6efaefc911e55f5f/rust_reversi-1.3.3-cp312-cp312-manylinux_2_17_x86_64.manylinux2014_x86_64.whl", hash = "sha256:70f04b055eeea9259f2b5d62badfceee1c43d3012fb7e14df38ad7a5645cb252", size = 518426 },
    { url = "https://files.pythonhosted.org/packages/d1/47/a436803af0bbd6d621329242010ecabb6b27571dbbf6582ed94cd1650b89/rust_reversi-1.3.3-cp312-cp312-musllinux_1_2_aarch64.whl", hash = "sha256:ccac6ae7f919cb85aefd2058eaea13e78f6e69daeb023cbce770ffe802d4e64a", size = 687861 },
    { url = "https://files.pythonhosted.org/packages/f7/db/9ae4fce1e32915adb113b0f7f5101b3819127c9ee55ab3a01969d8deea0e/rust_reversi-1.3.3-cp312-cp312-musllinux_1_2_armv7l.whl", hash = "sha256:3fd5a038ff4f6609f942f594bb349f8c6d20ed946ee49fc67b71dc6ef1bda035", size = 778340 },
    { url = "https://files.pythonhosted.org/packages/39/62/41d1b99569be5f5d028fbe4fb4013623e8e0b099c4e53fb6a6bcb23ca016/rust_reversi-1.3.3-cp312-cp312-musllinux_1_2_i686.whl", hash = "sha256:1b7aface6f2f2c6d6849d1fb294f6e43dab338c476a1d334fab4932c99e5a31b", size = 718741 },
    { url = "https://files.pythonhosted.org/packages/84/12/a7e7b00e08e5d1ea816fef9c92a6fa23db47ec696a83f69ec938629dd225/rust_reversi-1.3.3-cp312-cp312-musllinux_1_2_x86_64.whl", hash = "sha256:e8e059a50aad018c26196f4f45a81df77c1d2a1ed8bc919898dd57f9718ac400", size = 688847 },
    { url = "https://files.pythonhosted.org/packages/1b/ab/e033e86cec677c62db2937dc06a84659c3d4ab3b5f10ce17f11f23b1e473/rust_reversi-1.3.3-cp312-cp312-win32.whl", hash = "sha256:ff06e423bdbf7b8b697596de1ec3ced2ab7f434f91926fe1b197dfeefb5aa026", size = 343522 },
    { url = "https://files.pythonhosted.org/packages/c9/7d/ccaea17137e85dc163e01cd70d6f7ce8046cf7283f454bdf4b40780bdc9f/rust_reversi-1.3.3-cp312-cp312-win_amd64.whl", hash = "sha256:3466eddaf543525443d4fc8f573d07aef08e9904f5c0cac77a0c89ba6077ee0f", size = 366099 },
    { url = "https://files.pythonhosted.org/packages/10/d8/3c9443d9745c3a2c0f2178b26a63db4dd50641d954e327f387bcf361f73b/rust_reversi-1.3.3-cp313-cp313-macosx_10_12_x86_64.whl", hash = "sha256:e13db5bc20f9c401eced9e4d6910289305062b22f5ae0b79e5a41ead43e7a212", size = 472349 },
    { url = "https://files.pythonhosted.org/packages/a7/a3/8283274a927ef11548d9aa61c738dae660ef44563cad3b1ded2da0df2be5/rust_reversi-1.3.3-cp313-cp313-macosx_11_0_arm64.whl", hash = "sha256:07113d203692d51342f6a8450fd5273becd012dc7ab7fd1be2c933fbd6d5844b", size = 459643 },
    { url = "https://files.pythonhosted.org/packages/3a/37/79974466209d3866a20964a3bf72ea3746973e0530639d4e4be8fc65ce43/rust_reversi-1.3.3-cp313-cp313-manylinux_2_17_aarch64.manylinux2014_aarch64.whl", hash = "sha256:538f6b1ae4aaac671bfd11d33dfb0474ef6056da15a1a96ca5d8a7641b737fdd", size = 512036 },
    { url = "https://files.pythonhosted.org/packages/3f/2b/49210d3d38a8768beace38dca75d949a4f648c8261e2939daf3e5f0a4f51/rust_reversi-1.3.3-cp313-cp313-manylinux_2_17_armv7l.manylinux2014_armv7l.whl", hash = "sha256:5e3b0d588a2187dc30a52dc72e2e796b1f0822bace6c24ac7ac551505dc7c52f", size = 518486 },
    { url = "https://files.pythonhosted.org/packages/8d/72/20202e006ec76579101290b78f1b541ad7f312df957def19878ba4f09ee0/rust_reversi-1.3.3-cp313-cp313-manylinux_2_17_i686.manylinux2014_i686.whl", hash = "sha256:04abdcf7f1468b1629ad58fca7b23c6d4b7583fe7d88a74f034cf4d18b797067", size = 553074 },
    { url = "https://files.pythonhosted.org/packages/d4/27/3bd05f202ddef4983cc84af942d508800f1d90b3d14c2444e1c5e5cf56e4/rust_reversi-1.3.3-cp313-cp313-manylinux_2_17_ppc64le.manylinux2014_ppc64le.whl", hash = "sha256:1f8d344496dad33eec0887ff82c18bc77f6d1311f1f80412ee27887ae9479b8e", size = 572363 },
    { url = "https://files.pythonhosted.org/packages/9e/ea/b05fbcdccd4ea6a3d081726ed4082707dc27a1f8106ebda7ee8f6139624a/rust_reversi-1.3.3-cp313-cp313-manylinux_2_17_s390x.manylinux2014_s390x.whl", hash = "sha256:64abd107300e56ca3b21e737ea4a9e4d8d0f76b26b0b55c8289eb199f2af84d7", size = 586775 },
    { url = "https://files.pythonhosted.org/packages/0f/b0/5be1d12bf36066ffce244064c923aac0b3c3c5d5e20287904cdbe2868aa0/rust_reversi-1.3.3-cp313-cp313-manylinux_2_17_x86_64.manylinux2014_x86_64.whl", hash = "sha256:ec609bc9bb0499794de78e7c646f45c294ddc421ca7c37d18bf501c50c3c5d8c", size = 518860 },
    { url = "https://files.pythonhosted.org/packages/9d/90/0e96755784276e49700d7849f974649232e7d567e52521f58bc4ee2a09c1/rust_reversi-1.3.3-cp313-cp313-musllinux_1_2_aarch64.whl", hash = "sha256:ffd5b40bb8eafbedf83b1cd93341dc21fe5fc7343b12b7b08c3cf8c548c981b5", size = 688098 },
    { url = "https://files.pythonhosted.org/packages/55/27/ef8e4e1b3346ecb3f677644bd965656895f6659dfaf5f4358be7a2a28004/rust_reversi-1.3.3-cp313-cp313-musllinux_1_2_armv7l.whl", hash = "sha256:13adcba03c53cab554d89c86a3638caf85c0734a445d33bd4e86b1ba1adc4dde", size = 778291 },
    { url = "https://files.pythonhosted.org/packages/d1/d0/e9dff9427527e52837928717fec17d8fcb2fd18fd5ff3c1eda7f215084c8/rust_reversi-1.3.3-cp313-cp313-musllinux_1_2_i686.whl", hash = "sha256:dd65e29754cf9b6af0dbb18704f1b93f2f1f4fb15a733931cb3809a9159a6423", size = 718574 },
    { url = "https://files.pythonhosted.org/packages/ec/5a/40220d5d1efad6c60dd6de4ff5f4ca3d8cfd793f8b9bfaa89dbd204abb04/rust_reversi-1.3.3-cp313-cp313-musllinux_1_2_x86_64.whl", hash = "sha256:a1482c374d49b961ca98294b5b063186d5647ed4896cb62dfa7497a9532466c4", size = 689082 },
    { url = "https://files.pythonhosted.org/packages/ef/fd/08a6a06c87dbf146ee4b2deb384c07a59225eaaea4f419c958f1a8056088/rust_reversi-1.3.3-cp313-cp313t-manylinux_2_17_aarch64.manylinux2014_aarch64.whl", hash = "sha256:168de73f092d569850278080c2efe1242b1105ac91d6521747a397c379c2dfce", size = 510333 },
    { url = "https://files.pythonhosted.org/packages/b8/ec/5a985b907335076cc4a16515b97cc794503f6e5ab655f51e06599121976c/rust_reversi-1.3.3-cp313-cp313t-manylinux_2_17_armv7l.manylinux2014_armv7l.whl", hash = "sha256:083ebc2aad64e64e7702676b5aae70789b04b23b199317043d61137cc3971b6e", size = 514006 },
    { url = "https://files.pythonhosted.org/packages/b5/f2/a3488e0c3e24e283f7e53fb45e59576fad03a9601936e2698da1a5f5eac9/rust_reversi-1.3.3-cp313-cp313t-manylinux_2_17_ppc64le.manylinux2014_ppc64le.whl", hash = "sha256:1a7aad8d4c709e9de33ac890be5b6f3b479a1db735083c87d7a2e5dc47b1f2b1", size = 571141 },
    { url = "https://files.pythonhosted.org/packages/3f/8c/04ba8f2b39581bfd6b1c1250c9af16a5d7969d29d833ca0575aa3937c6d5/rust_reversi-1.3.3-cp313-cp313t-manylinux_2_17_s390x.manylinux2014_s390x.whl", hash = "sha256:3ed6b065cc574f59024c64fd17cc79c555b2f3425b14b5d54db8849f38d0194e", size = 588303 },
    { url = "https://files.pythonhosted.org/packages/2c/9f/53a421960fc5c8e274e6d253d45f5cf68bc16e6418cc0875dd774f36ba29/rust_reversi-1.3.3-cp313-cp313t-musllinux_1_2_aarch64.whl", hash = "sha256:f99be2a9b2bd7e389948b9495c8989fb2080f46b5cb960e41bf6c96272ae18be", size = 686688 },
    { url = "https://files.pythonhosted.org/packages/08/96/ed448e5938486e9e3a74714bfdd0c4a9a4525a05819fcbc60a298f5cfaea/rust_reversi-1.3.3-cp313-cp313t-musllinux_1_2_armv7l.whl", hash = "sha256:8f4023bafbcf65e9a9f4cbce8d9bfbc407bd07a729409bb01cd741a965f3e114", size = 773978 },
    { url = "https://files.pythonhosted.org/packages/7f/61/8691cb4300a42a75f07bd77e7126a531afb7f725f4f69f862a0172bde77d/rust_reversi-1.3.3-cp313-cp313t-musllinux_1_2_i686.whl", hash = "sha256:7d161ff5bdb9ab9ad6558e0672ce74330c2194dba159499f4a9bcc4cea59937d", size = 714834 },
    { url = "https://files.pythonhosted.org/packages/c0/cf/3e6745b2a86694a105bdd5cb84141331d4f39d1bf826f3c15454826a767b/rust_reversi-1.3.3-cp313-cp313t-musllinux_1_2_x86_64.whl", hash = "sha256:a106b06e9e5fc229ada091fe7f7d8bbf45b014e9d1a4643c218abb267d46eb49", size = 687919 },
    { url = "https://files.pythonhosted.org/packages/e7/69/8660a0ac6146d5ea7f6859b473f481e6d782c2fc9af21579066668f83578/rust_reversi-1.3.3-cp39-cp39-manylinux_2_17_aarch64.manylinux2014_aarch64.whl", hash = "sha256:28ec2de2a22dc12ac82d0d484288829154f458ab4ff12618dcfa5c3b490eb28f", size = 513318 },
    { url = "https://files.pythonhosted.org/packages/94/1a/af4a761e48fe419d12064cdf4bc48db13297d20338efd99915f509e5e650/rust_reversi-1.3.3-cp39-cp39-manylinux_2_17_armv7l.manylinux2014_armv7l.whl", hash = "sha256:00c307380c4e0589dc834af19d57329dfe6ce92c01632f41efe7a221df41f239", size = 519526 },
    { url = "https://files.pythonhosted.org/packages/ea/65/76d5696c7dd001c0648cf5d7f3c5d18e0322427f9a0e9af84f96e2089505/rust_reversi-1.3.3-cp39-cp39-manylinux_2_17_i686.manylinux2014_i686.whl", hash = "sha256:5f0d591011396666e210e11ec4eb0cfe952a3e87684b931742cab29bb17b89e1", size = 554347 },
    { url = "https://files.pythonhosted.org/packages/77/fd/79c4ff25891fef3c26cc8c12ce8d7d349546b3f7db7045dd3e3a3aac440a/rust_reversi-1.3.3-cp39-cp39-manylinux_2_17_ppc64le.manylinux2014_ppc64le.whl", hash = "sha256:c34140394917eac9faf15e59bab4f910f3e220f4f54e213f5f2c49f2c0260603", size = 571776 },
    { url = "https://files.pythonhosted.org/packages/68/75/da0918950560f0ca30f2ce7e64133b5dfa120187c1a87da784d0eede0cea/rust_reversi-1.3.3-cp39-cp39-manylinux_2_17_s390x.manylinux2014_s390x.whl", hash = "sha256:b5c3b12e764d2ea5af2432bb73d1da6229b635370c3863b9163ccf1646d1d966", size = 589183 },
    { url = "https://files.pythonhosted.org/packages/c0/0c/7e92ed39afd0e8118335c8cd48d49881cccaae579f6a1f83bf1f8f6b9dc7/rust_reversi-1.3.3-cp39-cp39-manylinux_2_17_x86_64.manylinux2014_x86_64.whl", hash = "sha256:ff39bb4f4de429affd5b6232024edbb9926d453f8cf05aaacab2412a40edcbf9", size = 520195 },
    { url = "https://files.pythonhosted.org/packages/10/6f/399b5a095b1fab2d87451f92e9f421f8c30afda76a4f76aa269cff31d263/rust_reversi-1.3.3-cp39-cp39-musllinux_1_2_aarch64.whl", hash = "sha256:08b9c9649561a19e02d499a52a03b862f60ca2cbf0b506161ab4d7bb41fbf161", size = 688838 },
    { url = "https://files.pythonhosted.org/packages/72/7c/4669f160d4d1197c0ae5c4acc71744348b10849179982f115959d201b942/rust_reversi-1.3.3-cp39-cp39-musllinux_1_2_armv7l.whl", hash = "sha256:c47b3bfaf723b77734297d03d7d8e8ac270fdd6d180f53df14631dfce8ff878d", size = 780134 },
    { url = "https://files.pythonhosted.org/packages/e5/78/c382dea2ca57113b67487c089c2a09b3a1ce8ae44de07d4a15f81c453f74/rust_reversi-1.3.3-cp39-cp39-musllinux_1_2_i686.whl", hash = "sha256:34d4788df896e32cd946856a05b277bc24e7cd0470cc8243318546f47213bf52", size = 720622 },
    { url = "https://files.pythonhosted.org/packages/22/20/87f03b8f4474ebbbf52686bfb97d6c613e7ab4ea8068e53a44daa929f459/rust_reversi-1.3.3-cp39-cp39-musllinux_1_2_x86_64.whl", hash = "sha256:9d3622534ec540ea835c949a72c904dd41c9e2217f952bca7db4a7a4a4b7575f", size = 689581 },
    { url = "https://files.pythonhosted.org/packages/6f/c1/6be3ed0d349ba143dc031b45a56e487e375077791c3e03bbc131e9dd9445/rust_reversi-1.3.3-cp39-cp39-win32.whl", hash = "sha256:3e41149e6892b0d4b58c1f35844d3f05f59b42e235b2faa966f96f3529f1a409", size = 344952 },
    { url = "https://files.pythonhosted.org/packages/2b/85/34c037e1fc9527539d3b4844cf732fcb81ddf4c4763444a58f75d16655cf/rust_reversi-1.3.3-cp39-cp39-win_amd64.whl", hash = "sha256:fdcd3536114976e7cc074b9b0df7196d25b36053fa947b0e177aa4d89bf3a198", size = 366661 },
    { url = "https://files.pythonhosted.org/packages/83/64/da17516eab85332be8eedfbc14c03c46fa93ecfee0bc3b273b2c3fc03569/rust_reversi-1.3.3-pp310-pypy310_pp73-manylinux_2_17_aarch64.manylinux2014_aarch64.whl", hash = "sha256:29ea35dba390c9597be8c100545890ea7878cf4b8f9d2c1fab13bc35b44489d8", size = 511742 },
    { url = "https://files.pythonhosted.org/packages/76/03/9958a1f0c4150aef5928932898cbf0ba22219064afda02c0cc748f9fbb12/rust_reversi-1.3.3-pp310-pypy310_pp73-manylinux_2_17_armv7l.manylinux2014_armv7l.whl", hash = "sha256:89793f0d001b569a04faf41a0419640ff3f1c9227d8db92f2e2a1c0a13b36d6d", size = 516508 },
    { url = "https://files.pythonhosted.org/packages/eb/f4/ed2a184a3def7c6d1fdd9e49b941a07217c848bdf3177db769225bc1670d/rust_reversi-1.3.3-pp310-pypy310_pp73-manylinux_2_17_i686.manylinux2014_i686.whl", hash = "sha256:e5e3c82966b65609d3b428a61168efe0c14287b37ba553672deeb983f015d360", size = 551827 },
    { url = "https://files.pythonhosted.org/packages/4c/77/c5057fe272ba9a00c4acd7bdc51aefa2bf293fd104504018a69ceb941b2c/rust_reversi-1.3.3-pp310-pypy310_pp73-manylinux_2_17_ppc64le.manylinux2014_ppc64le.whl", hash = "sha256:e7a8fbe6f0c59c5a67d8535c3c16f76efc909e9b28ce0339d1c3557357067853", size = 571728 },
    { url = "https://files.pythonhosted.org/packages/a8/d2/4b3c4edb03dbb24d71108b3ae1b3e98c5c637ac74602d9aec1c6b3f4d95b/rust_reversi-1.3.3-pp310-pypy310_pp73-manylinux_2_17_s390x.manylinux2014_s390x.whl", hash = "sha256:0a9251476953c79bf6d5095863d46b5ecc845cef9ecfcde752acb48a4a653525", size = 588736 },
    { url = "https://files.pythonhosted.org/packages/8e/ed/88f306fc2bf4b30b7e309bf0dee3c79d37d5914f1b42328bbeebf033c17e/rust_reversi-1.3.3-pp310-pypy310_pp73-manylinux_2_17_x86_64.manylinux2014_x86_64.whl", hash = "sha256:6f38e688e247fcffee4599857d3eda132a2292e867f7567ce0c2ab19f9fb97ef", size = 519886 },
    { url = "https://files.pythonhosted.org/packages/10/e4/57c2005365ac9426c9ac3fc2f62ae963a7af08164bf0b8cd60d5e8090b2d/rust_reversi-1.3.3-pp310-pypy310_pp73-musllinux_1_2_aarch64.whl", hash = "sha256:a3a3351147785c9f10519637ed23a67761e91c87046b5230870d26918f0fcf17", size = 687850 },
    { url = "https://files.pythonhosted.org/packages/86/89/dd2f5bad5b54d9bc8dec9f0d36ab60bcc673a53ba5d830f25eaf1ac2c6af/rust_reversi-1.3.3-pp310-pypy310_pp73-musllinux_1_2_armv7l.whl", hash = "sha256:83ef24e8084669e21c17f5947184cf761b0db34a0b38c5cfb7ae334e5fb867d5", size = 776291 },
    { url = "https://files.pythonhosted.org/packages/3d/70/e916e9d8a24656dca27660b77f71793b65cfef2f96722571faf030e235d9/rust_reversi-1.3.3-pp310-pypy310_pp73-musllinux_1_2_i686.whl", hash = "sha256:c9d5fb556adea1ec563e0178ddf097de03e4e8027765a7f712b0cb1e873a15ff", size = 717216 },
    { url = "https://files.pythonhosted.org/packages/dc/96/b3f4d2945aaa8b7402020a055511228c44c7be7a5b6f3244d01c331bfbb5/rust_reversi-1.3.3-pp310-pypy310_pp73-musllinux_1_2_x86_64.whl", hash = "sha256:0790dca7f37f5bb8cf586f36d6b0cd7176915f91acc460e54b896fd9b37c965d", size = 689626 },
    { url = "https://files.pythonhosted.org/packages/ee/3d/1c77d5bfa8f9b1542081c16b592c75047137518a82ff50400735639cf0de/rust_reversi-1.3.3-pp39-pypy39_pp73-manylinux_2_17_aarch64.manylinux2014_aarch64.whl", hash = "sha256:14fe229e38c3dcacb4a24ee481d2ad9ba277528c6944fad4b10d49069ddd04fc", size = 512340 },
    { url = "https://files.pythonhosted.org/packages/c7/4c/adcee3671f1c03e3eb204d5474a35e46a2cecd883509e72870f9bc729a7f/rust_reversi-1.3.3-pp39-pypy39_pp73-manylinux_2_17_armv7l.manylinux2014_armv7l.whl", hash = "sha256:e4a4fca2a5bd006411d2257e96cbefdd494d4ca5dd9272e434b903f76158d25f", size = 516957 },
    { url = "https://files.pythonhosted.org/packages/83/89/3d1aa1b6f7677b46e4ccf62f2d6f657faa4413ea0e59652eb3d3076d37be/rust_reversi-1.3.3-pp39-pypy39_pp73-manylinux_2_17_ppc64le.manylinux2014_ppc64le.whl", hash = "sha256:d56f8e8cea6e2b6f85f4cc97b992193c314162aaf52e31324722d6d4d9e9d119", size = 572082 },
    { url = "https://files.pythonhosted.org/packages/8b/2a/ba9f852466936781f7c6f16b288fb066518c62992176169d344f1a7e6bf7/rust_reversi-1.3.3-pp39-pypy39_pp73-manylinux_2_17_s390x.manylinux2014_s390x.whl", hash = "sha256:e74a6f60a149ae4d018a68a33241f99e8ed4692c481ac0b1e7e3b48c1164d0b5", size = 588976 },
    { url = "https://files.pythonhosted.org/packages/41/8e/e229068a4e163dc725dbc2dae9c7276f3f4f15041ee5fbe7cf0865caf372/rust_reversi-1.3.3-pp39-pypy39_pp73-musllinux_1_2_aarch64.whl", hash = "sha256:4a2ccd33a7d8ff9327b29c6944d1dbd899c774cd1178bd979d6aee42ba80d99b", size = 688284 },
    { url = "https://files.pythonhosted.org/packages/57/68/53b1d3b5b9fe2f8f144093d11a87556b4cf66c1667637aaf9c083995c8df/rust_reversi-1.3.3-pp39-pypy39_pp73-musllinux_1_2_armv7l.whl", hash = "sha256:ec51707f0fd4f2d37666f8f420f587e97c49afca26257e51f9020c104001bfdc", size = 776572 },
    { url = "https://files.pythonhosted.org/packages/1a/64/5130bea91287aa883c4e6855c64b70a82cd8a5e2d491f3da4eec7746ec3a/rust_reversi-1.3.3-pp39-pypy39_pp73-musllinux_1_2_i686.whl", hash = "sha256:e638324ce9795f2562e79f58f2e8a3c98d0a0b3da888a7792433dd1acf298195", size = 717702 },
    { url = "https://files.pythonhosted.org/packages/f7/af/061295824ec9c3241d616c26af126a88b96d3c9e9c316aa1d42c7359400e/rust_reversi-1.3.3-pp39-pypy39_pp73-musllinux_1_2_x86_64.whl", hash = "sha256:920e895413ce80de979db81e57e046e10255da73ccf7ac6284f23ddd9ebe5eb3", size = 690104 },
]
