version = 1
requires-python = ">=3.9"

[[package]]
name = "colorama"
version = "0.4.6"
source = { registry = "https://pypi.org/simple" }
sdist = { url = "https://files.pythonhosted.org/packages/d8/53/6f443c9a4a8358a93a6792e2acffb9d9d5cb0a5cfd8802644b7b1c9a02e4/colorama-0.4.6.tar.gz", hash = "sha256:08695f5cb7ed6e0531a20572697297273c47b8cae5a63ffc6d6ed5c201be6e44", size = 27697 }
wheels = [
    { url = "https://files.pythonhosted.org/packages/d1/d6/3965ed04c63042e047cb6a3e6ed1a63a35087b6a609aa3a15ed8ac56c221/colorama-0.4.6-py2.py3-none-any.whl", hash = "sha256:4f1d9991f5acc0ca119f9d443620b77f9d6b33703e51011c16baf57afb285fc6", size = 25335 },
]

[[package]]
name = "ga"
version = "0.1.0"
source = { virtual = "." }
dependencies = [
    { name = "numpy" },
    { name = "rust-reversi" },
    { name = "tqdm" },
]

[package.metadata]
requires-dist = [
    { name = "numpy", specifier = ">=2.0.2" },
    { name = "rust-reversi", specifier = ">=1.3.5" },
    { name = "tqdm", specifier = ">=4.67.1" },
]

[[package]]
name = "numpy"
version = "2.0.2"
source = { registry = "https://pypi.org/simple" }
sdist = { url = "https://files.pythonhosted.org/packages/a9/75/10dd1f8116a8b796cb2c737b674e02d02e80454bda953fa7e65d8c12b016/numpy-2.0.2.tar.gz", hash = "sha256:883c987dee1880e2a864ab0dc9892292582510604156762362d9326444636e78", size = 18902015 }
wheels = [
    { url = "https://files.pythonhosted.org/packages/21/91/3495b3237510f79f5d81f2508f9f13fea78ebfdf07538fc7444badda173d/numpy-2.0.2-cp310-cp310-macosx_10_9_x86_64.whl", hash = "sha256:51129a29dbe56f9ca83438b706e2e69a39892b5eda6cedcb6b0c9fdc9b0d3ece", size = 21165245 },
    { url = "https://files.pythonhosted.org/packages/05/33/26178c7d437a87082d11019292dce6d3fe6f0e9026b7b2309cbf3e489b1d/numpy-2.0.2-cp310-cp310-macosx_11_0_arm64.whl", hash = "sha256:f15975dfec0cf2239224d80e32c3170b1d168335eaedee69da84fbe9f1f9cd04", size = 13738540 },
    { url = "https://files.pythonhosted.org/packages/ec/31/cc46e13bf07644efc7a4bf68df2df5fb2a1a88d0cd0da9ddc84dc0033e51/numpy-2.0.2-cp310-cp310-macosx_14_0_arm64.whl", hash = "sha256:8c5713284ce4e282544c68d1c3b2c7161d38c256d2eefc93c1d683cf47683e66", size = 5300623 },
    { url = "https://files.pythonhosted.org/packages/6e/16/7bfcebf27bb4f9d7ec67332ffebee4d1bf085c84246552d52dbb548600e7/numpy-2.0.2-cp310-cp310-macosx_14_0_x86_64.whl", hash = "sha256:becfae3ddd30736fe1889a37f1f580e245ba79a5855bff5f2a29cb3ccc22dd7b", size = 6901774 },
    { url = "https://files.pythonhosted.org/packages/f9/a3/561c531c0e8bf082c5bef509d00d56f82e0ea7e1e3e3a7fc8fa78742a6e5/numpy-2.0.2-cp310-cp310-manylinux_2_17_aarch64.manylinux2014_aarch64.whl", hash = "sha256:2da5960c3cf0df7eafefd806d4e612c5e19358de82cb3c343631188991566ccd", size = 13907081 },
    { url = "https://files.pythonhosted.org/packages/fa/66/f7177ab331876200ac7563a580140643d1179c8b4b6a6b0fc9838de2a9b8/numpy-2.0.2-cp310-cp310-manylinux_2_17_x86_64.manylinux2014_x86_64.whl", hash = "sha256:496f71341824ed9f3d2fd36cf3ac57ae2e0165c143b55c3a035ee219413f3318", size = 19523451 },
    { url = "https://files.pythonhosted.org/packages/25/7f/0b209498009ad6453e4efc2c65bcdf0ae08a182b2b7877d7ab38a92dc542/numpy-2.0.2-cp310-cp310-musllinux_1_1_x86_64.whl", hash = "sha256:a61ec659f68ae254e4d237816e33171497e978140353c0c2038d46e63282d0c8", size = 19927572 },
    { url = "https://files.pythonhosted.org/packages/3e/df/2619393b1e1b565cd2d4c4403bdd979621e2c4dea1f8532754b2598ed63b/numpy-2.0.2-cp310-cp310-musllinux_1_2_aarch64.whl", hash = "sha256:d731a1c6116ba289c1e9ee714b08a8ff882944d4ad631fd411106a30f083c326", size = 14400722 },
    { url = "https://files.pythonhosted.org/packages/22/ad/77e921b9f256d5da36424ffb711ae79ca3f451ff8489eeca544d0701d74a/numpy-2.0.2-cp310-cp310-win32.whl", hash = "sha256:984d96121c9f9616cd33fbd0618b7f08e0cfc9600a7ee1d6fd9b239186d19d97", size = 6472170 },
    { url = "https://files.pythonhosted.org/packages/10/05/3442317535028bc29cf0c0dd4c191a4481e8376e9f0db6bcf29703cadae6/numpy-2.0.2-cp310-cp310-win_amd64.whl", hash = "sha256:c7b0be4ef08607dd04da4092faee0b86607f111d5ae68036f16cc787e250a131", size = 15905558 },
    { url = "https://files.pythonhosted.org/packages/8b/cf/034500fb83041aa0286e0fb16e7c76e5c8b67c0711bb6e9e9737a717d5fe/numpy-2.0.2-cp311-cp311-macosx_10_9_x86_64.whl", hash = "sha256:49ca4decb342d66018b01932139c0961a8f9ddc7589611158cb3c27cbcf76448", size = 21169137 },
    { url = "https://files.pythonhosted.org/packages/4a/d9/32de45561811a4b87fbdee23b5797394e3d1504b4a7cf40c10199848893e/numpy-2.0.2-cp311-cp311-macosx_11_0_arm64.whl", hash = "sha256:11a76c372d1d37437857280aa142086476136a8c0f373b2e648ab2c8f18fb195", size = 13703552 },
    { url = "https://files.pythonhosted.org/packages/c1/ca/2f384720020c7b244d22508cb7ab23d95f179fcfff33c31a6eeba8d6c512/numpy-2.0.2-cp311-cp311-macosx_14_0_arm64.whl", hash = "sha256:807ec44583fd708a21d4a11d94aedf2f4f3c3719035c76a2bbe1fe8e217bdc57", size = 5298957 },
    { url = "https://files.pythonhosted.org/packages/0e/78/a3e4f9fb6aa4e6fdca0c5428e8ba039408514388cf62d89651aade838269/numpy-2.0.2-cp311-cp311-macosx_14_0_x86_64.whl", hash = "sha256:8cafab480740e22f8d833acefed5cc87ce276f4ece12fdaa2e8903db2f82897a", size = 6905573 },
    { url = "https://files.pythonhosted.org/packages/a0/72/cfc3a1beb2caf4efc9d0b38a15fe34025230da27e1c08cc2eb9bfb1c7231/numpy-2.0.2-cp311-cp311-manylinux_2_17_aarch64.manylinux2014_aarch64.whl", hash = "sha256:a15f476a45e6e5a3a79d8a14e62161d27ad897381fecfa4a09ed5322f2085669", size = 13914330 },
    { url = "https://files.pythonhosted.org/packages/ba/a8/c17acf65a931ce551fee11b72e8de63bf7e8a6f0e21add4c937c83563538/numpy-2.0.2-cp311-cp311-manylinux_2_17_x86_64.manylinux2014_x86_64.whl", hash = "sha256:13e689d772146140a252c3a28501da66dfecd77490b498b168b501835041f951", size = 19534895 },
    { url = "https://files.pythonhosted.org/packages/ba/86/8767f3d54f6ae0165749f84648da9dcc8cd78ab65d415494962c86fac80f/numpy-2.0.2-cp311-cp311-musllinux_1_1_x86_64.whl", hash = "sha256:9ea91dfb7c3d1c56a0e55657c0afb38cf1eeae4544c208dc465c3c9f3a7c09f9", size = 19937253 },
    { url = "https://files.pythonhosted.org/packages/df/87/f76450e6e1c14e5bb1eae6836478b1028e096fd02e85c1c37674606ab752/numpy-2.0.2-cp311-cp311-musllinux_1_2_aarch64.whl", hash = "sha256:c1c9307701fec8f3f7a1e6711f9089c06e6284b3afbbcd259f7791282d660a15", size = 14414074 },
    { url = "https://files.pythonhosted.org/packages/5c/ca/0f0f328e1e59f73754f06e1adfb909de43726d4f24c6a3f8805f34f2b0fa/numpy-2.0.2-cp311-cp311-win32.whl", hash = "sha256:a392a68bd329eafac5817e5aefeb39038c48b671afd242710b451e76090e81f4", size = 6470640 },
    { url = "https://files.pythonhosted.org/packages/eb/57/3a3f14d3a759dcf9bf6e9eda905794726b758819df4663f217d658a58695/numpy-2.0.2-cp311-cp311-win_amd64.whl", hash = "sha256:286cd40ce2b7d652a6f22efdfc6d1edf879440e53e76a75955bc0c826c7e64dc", size = 15910230 },
    { url = "https://files.pythonhosted.org/packages/45/40/2e117be60ec50d98fa08c2f8c48e09b3edea93cfcabd5a9ff6925d54b1c2/numpy-2.0.2-cp312-cp312-macosx_10_9_x86_64.whl", hash = "sha256:df55d490dea7934f330006d0f81e8551ba6010a5bf035a249ef61a94f21c500b", size = 20895803 },
    { url = "https://files.pythonhosted.org/packages/46/92/1b8b8dee833f53cef3e0a3f69b2374467789e0bb7399689582314df02651/numpy-2.0.2-cp312-cp312-macosx_11_0_arm64.whl", hash = "sha256:8df823f570d9adf0978347d1f926b2a867d5608f434a7cff7f7908c6570dcf5e", size = 13471835 },
    { url = "https://files.pythonhosted.org/packages/7f/19/e2793bde475f1edaea6945be141aef6c8b4c669b90c90a300a8954d08f0a/numpy-2.0.2-cp312-cp312-macosx_14_0_arm64.whl", hash = "sha256:9a92ae5c14811e390f3767053ff54eaee3bf84576d99a2456391401323f4ec2c", size = 5038499 },
    { url = "https://files.pythonhosted.org/packages/e3/ff/ddf6dac2ff0dd50a7327bcdba45cb0264d0e96bb44d33324853f781a8f3c/numpy-2.0.2-cp312-cp312-macosx_14_0_x86_64.whl", hash = "sha256:a842d573724391493a97a62ebbb8e731f8a5dcc5d285dfc99141ca15a3302d0c", size = 6633497 },
    { url = "https://files.pythonhosted.org/packages/72/21/67f36eac8e2d2cd652a2e69595a54128297cdcb1ff3931cfc87838874bd4/numpy-2.0.2-cp312-cp312-manylinux_2_17_aarch64.manylinux2014_aarch64.whl", hash = "sha256:c05e238064fc0610c840d1cf6a13bf63d7e391717d247f1bf0318172e759e692", size = 13621158 },
    { url = "https://files.pythonhosted.org/packages/39/68/e9f1126d757653496dbc096cb429014347a36b228f5a991dae2c6b6cfd40/numpy-2.0.2-cp312-cp312-manylinux_2_17_x86_64.manylinux2014_x86_64.whl", hash = "sha256:0123ffdaa88fa4ab64835dcbde75dcdf89c453c922f18dced6e27c90d1d0ec5a", size = 19236173 },
    { url = "https://files.pythonhosted.org/packages/d1/e9/1f5333281e4ebf483ba1c888b1d61ba7e78d7e910fdd8e6499667041cc35/numpy-2.0.2-cp312-cp312-musllinux_1_1_x86_64.whl", hash = "sha256:96a55f64139912d61de9137f11bf39a55ec8faec288c75a54f93dfd39f7eb40c", size = 19634174 },
    { url = "https://files.pythonhosted.org/packages/71/af/a469674070c8d8408384e3012e064299f7a2de540738a8e414dcfd639996/numpy-2.0.2-cp312-cp312-musllinux_1_2_aarch64.whl", hash = "sha256:ec9852fb39354b5a45a80bdab5ac02dd02b15f44b3804e9f00c556bf24b4bded", size = 14099701 },
    { url = "https://files.pythonhosted.org/packages/d0/3d/08ea9f239d0e0e939b6ca52ad403c84a2bce1bde301a8eb4888c1c1543f1/numpy-2.0.2-cp312-cp312-win32.whl", hash = "sha256:671bec6496f83202ed2d3c8fdc486a8fc86942f2e69ff0e986140339a63bcbe5", size = 6174313 },
    { url = "https://files.pythonhosted.org/packages/b2/b5/4ac39baebf1fdb2e72585c8352c56d063b6126be9fc95bd2bb5ef5770c20/numpy-2.0.2-cp312-cp312-win_amd64.whl", hash = "sha256:cfd41e13fdc257aa5778496b8caa5e856dc4896d4ccf01841daee1d96465467a", size = 15606179 },
    { url = "https://files.pythonhosted.org/packages/43/c1/41c8f6df3162b0c6ffd4437d729115704bd43363de0090c7f913cfbc2d89/numpy-2.0.2-cp39-cp39-macosx_10_9_x86_64.whl", hash = "sha256:9059e10581ce4093f735ed23f3b9d283b9d517ff46009ddd485f1747eb22653c", size = 21169942 },
    { url = "https://files.pythonhosted.org/packages/39/bc/fd298f308dcd232b56a4031fd6ddf11c43f9917fbc937e53762f7b5a3bb1/numpy-2.0.2-cp39-cp39-macosx_11_0_arm64.whl", hash = "sha256:423e89b23490805d2a5a96fe40ec507407b8ee786d66f7328be214f9679df6dd", size = 13711512 },
    { url = "https://files.pythonhosted.org/packages/96/ff/06d1aa3eeb1c614eda245c1ba4fb88c483bee6520d361641331872ac4b82/numpy-2.0.2-cp39-cp39-macosx_14_0_arm64.whl", hash = "sha256:2b2955fa6f11907cf7a70dab0d0755159bca87755e831e47932367fc8f2f2d0b", size = 5306976 },
    { url = "https://files.pythonhosted.org/packages/2d/98/121996dcfb10a6087a05e54453e28e58694a7db62c5a5a29cee14c6e047b/numpy-2.0.2-cp39-cp39-macosx_14_0_x86_64.whl", hash = "sha256:97032a27bd9d8988b9a97a8c4d2c9f2c15a81f61e2f21404d7e8ef00cb5be729", size = 6906494 },
    { url = "https://files.pythonhosted.org/packages/15/31/9dffc70da6b9bbf7968f6551967fc21156207366272c2a40b4ed6008dc9b/numpy-2.0.2-cp39-cp39-manylinux_2_17_aarch64.manylinux2014_aarch64.whl", hash = "sha256:1e795a8be3ddbac43274f18588329c72939870a16cae810c2b73461c40718ab1", size = 13912596 },
    { url = "https://files.pythonhosted.org/packages/b9/14/78635daab4b07c0930c919d451b8bf8c164774e6a3413aed04a6d95758ce/numpy-2.0.2-cp39-cp39-manylinux_2_17_x86_64.manylinux2014_x86_64.whl", hash = "sha256:f26b258c385842546006213344c50655ff1555a9338e2e5e02a0756dc3e803dd", size = 19526099 },
    { url = "https://files.pythonhosted.org/packages/26/4c/0eeca4614003077f68bfe7aac8b7496f04221865b3a5e7cb230c9d055afd/numpy-2.0.2-cp39-cp39-musllinux_1_1_x86_64.whl", hash = "sha256:5fec9451a7789926bcf7c2b8d187292c9f93ea30284802a0ab3f5be8ab36865d", size = 19932823 },
    { url = "https://files.pythonhosted.org/packages/f1/46/ea25b98b13dccaebddf1a803f8c748680d972e00507cd9bc6dcdb5aa2ac1/numpy-2.0.2-cp39-cp39-musllinux_1_2_aarch64.whl", hash = "sha256:9189427407d88ff25ecf8f12469d4d39d35bee1db5d39fc5c168c6f088a6956d", size = 14404424 },
    { url = "https://files.pythonhosted.org/packages/c8/a6/177dd88d95ecf07e722d21008b1b40e681a929eb9e329684d449c36586b2/numpy-2.0.2-cp39-cp39-win32.whl", hash = "sha256:905d16e0c60200656500c95b6b8dca5d109e23cb24abc701d41c02d74c6b3afa", size = 6476809 },
    { url = "https://files.pythonhosted.org/packages/ea/2b/7fc9f4e7ae5b507c1a3a21f0f15ed03e794c1242ea8a242ac158beb56034/numpy-2.0.2-cp39-cp39-win_amd64.whl", hash = "sha256:a3f4ab0caa7f053f6797fcd4e1e25caee367db3112ef2b6ef82d749530768c73", size = 15911314 },
    { url = "https://files.pythonhosted.org/packages/8f/3b/df5a870ac6a3be3a86856ce195ef42eec7ae50d2a202be1f5a4b3b340e14/numpy-2.0.2-pp39-pypy39_pp73-macosx_10_9_x86_64.whl", hash = "sha256:7f0a0c6f12e07fa94133c8a67404322845220c06a9e80e85999afe727f7438b8", size = 21025288 },
    { url = "https://files.pythonhosted.org/packages/2c/97/51af92f18d6f6f2d9ad8b482a99fb74e142d71372da5d834b3a2747a446e/numpy-2.0.2-pp39-pypy39_pp73-macosx_14_0_x86_64.whl", hash = "sha256:312950fdd060354350ed123c0e25a71327d3711584beaef30cdaa93320c392d4", size = 6762793 },
    { url = "https://files.pythonhosted.org/packages/12/46/de1fbd0c1b5ccaa7f9a005b66761533e2f6a3e560096682683a223631fe9/numpy-2.0.2-pp39-pypy39_pp73-manylinux_2_17_x86_64.manylinux2014_x86_64.whl", hash = "sha256:26df23238872200f63518dd2aa984cfca675d82469535dc7162dc2ee52d9dd5c", size = 19334885 },
    { url = "https://files.pythonhosted.org/packages/cc/dc/d330a6faefd92b446ec0f0dfea4c3207bb1fef3c4771d19cf4543efd2c78/numpy-2.0.2-pp39-pypy39_pp73-win_amd64.whl", hash = "sha256:a46288ec55ebbd58947d31d72be2c63cbf839f0a63b49cb755022310792a3385", size = 15828784 },
]

[[package]]
name = "rust-reversi"
version = "1.3.5"
source = { registry = "https://pypi.org/simple" }
sdist = { url = "https://files.pythonhosted.org/packages/63/51/27eea811c926c9545e477ce0ed9e9c76eb723725526c365032ef49489bb8/rust_reversi-1.3.5.tar.gz", hash = "sha256:e1b05514288f7b1d2ba0a52dab1ca0c6507c56ce9555550c4e0afdf9af89dc3a", size = 54423 }
wheels = [
    { url = "https://files.pythonhosted.org/packages/e5/17/35b57d6986c41ed5b2be1f023170c037b696ad9239eab176b4aaf927478b/rust_reversi-1.3.5-cp310-cp310-manylinux_2_17_aarch64.manylinux2014_aarch64.whl", hash = "sha256:03310bf42c70f560b5f4f1e5b38ba112adbbb78d0e976ddc7639341386c78e70", size = 519777 },
    { url = "https://files.pythonhosted.org/packages/8e/5e/8ac38033a03b6ea892dd19528f96b7d1c6d941f6e3101323d9194619702f/rust_reversi-1.3.5-cp310-cp310-manylinux_2_17_armv7l.manylinux2014_armv7l.whl", hash = "sha256:b94eb10e5b54f09580459f8c4035f3a5b8e57a5d998f9e0fb7470cf10a473887", size = 528655 },
    { url = "https://files.pythonhosted.org/packages/26/43/ab1a48ce9912c86793973b3cd95c69d5e4fe5f566193df55b4e94e5e0508/rust_reversi-1.3.5-cp310-cp310-manylinux_2_17_i686.manylinux2014_i686.whl", hash = "sha256:624d9501bedc05a1e7a365aa863b9448822fb68b41e3761794c4bdab1c6d0b3c", size = 564159 },
    { url = "https://files.pythonhosted.org/packages/70/56/89faff234b08489536474ad4989a43f5603e0b55a49b3a7feaef3d8f1f74/rust_reversi-1.3.5-cp310-cp310-manylinux_2_17_ppc64le.manylinux2014_ppc64le.whl", hash = "sha256:638f7a5368c7bc00a962f8b7987c5e20d3853c4a1128664f3b341f637fa45a18", size = 583648 },
    { url = "https://files.pythonhosted.org/packages/ed/8d/0f4799ce8972564e711415543c0b79256d35a86de9374d90bb6ff76b56a0/rust_reversi-1.3.5-cp310-cp310-manylinux_2_17_s390x.manylinux2014_s390x.whl", hash = "sha256:b0088a120ecee9b83c0e030c4f5157b7ad38bdf524593b61290e5c31f4c38cb2", size = 598699 },
    { url = "https://files.pythonhosted.org/packages/ce/50/448dc07e9382cf1011c62013e091f08f8b5e6785771aa4d680172b52023b/rust_reversi-1.3.5-cp310-cp310-manylinux_2_17_x86_64.manylinux2014_x86_64.whl", hash = "sha256:832de589b78a4aeb62b73d10c90691a5149cd637e965a9ff2c153bbd8cf00b28", size = 528170 },
    { url = "https://files.pythonhosted.org/packages/6c/e0/2910333770642ae8b888142241e66a225131beafd7f66971dbeab46ca9d9/rust_reversi-1.3.5-cp310-cp310-musllinux_1_2_aarch64.whl", hash = "sha256:9f33ebf2356b9820d04ef0043dc303e7fc22a78efd616f07e108de4f3e78c6bf", size = 696584 },
    { url = "https://files.pythonhosted.org/packages/56/ea/70688eb65407805a3ffc2263352373a9be083668b97273df28898aadffc7/rust_reversi-1.3.5-cp310-cp310-musllinux_1_2_armv7l.whl", hash = "sha256:586d9a48ce324f057863428c34045fbf980f3474188e45abdd09b977540b74d4", size = 790027 },
    { url = "https://files.pythonhosted.org/packages/ea/92/4814ba7c8f7e0b6a3000f6ab053a292305a4313d20ac9d90c854f1b2387c/rust_reversi-1.3.5-cp310-cp310-musllinux_1_2_i686.whl", hash = "sha256:34d4af2678f669b6f235ee370e0df3879d7057ab829ba26b232420b1c6d89243", size = 730687 },
    { url = "https://files.pythonhosted.org/packages/07/82/d795272be88299687afd0e0ea23c8c130e11687284e1a6f5132b545ada1a/rust_reversi-1.3.5-cp310-cp310-musllinux_1_2_x86_64.whl", hash = "sha256:528a2b11713e858168f45ced711b857e3d14e62c3c42fa20d48eafa650325a71", size = 698112 },
    { url = "https://files.pythonhosted.org/packages/53/37/fff918406c3b30c8b630f110efcbe3a2bb95687f1c3d336c3ed7eac070b9/rust_reversi-1.3.5-cp310-cp310-win32.whl", hash = "sha256:0ab609186ce9e36353a1369533f1a7ffde78c318947c2926468f054163f7487b", size = 351607 },
    { url = "https://files.pythonhosted.org/packages/ab/b3/8139f7d97bdcacef3f86b1b3b42d0933f4e18150bdf822fb7eefa35af1b4/rust_reversi-1.3.5-cp310-cp310-win_amd64.whl", hash = "sha256:e5d778292155639342da6c741350dd9323b9d28ecdb7dbd3f700b5c831ba7878", size = 373636 },
    { url = "https://files.pythonhosted.org/packages/5f/bd/ceb6b456b87305038c976a29177b18d0ad5ffddd6e2e16c5b947b52580dc/rust_reversi-1.3.5-cp311-cp311-macosx_10_12_x86_64.whl", hash = "sha256:6d8e21112751cbf16b7e24aff04a87fa2f45e7a100be5d01a7afa8e8f7f47854", size = 488159 },
    { url = "https://files.pythonhosted.org/packages/71/e6/0f3dffc7c1453b56949e5cffb53a4218c1efb16ed664155b94ec47ac9ba7/rust_reversi-1.3.5-cp311-cp311-macosx_11_0_arm64.whl", hash = "sha256:ea061eccf83615d7a57f2ce2af98c8b11c7802dc358e11951ba871dc3148a36f", size = 468162 },
    { url = "https://files.pythonhosted.org/packages/7c/92/9923ff61b2857a9d9a61fa98b43d11b806e18a0c04dc1d01bed64da02f8a/rust_reversi-1.3.5-cp311-cp311-manylinux_2_17_aarch64.manylinux2014_aarch64.whl", hash = "sha256:8a2a88d9590ec77220c8ff2d49c00f79d33b4884a678d6fe9a219442169805fc", size = 519711 },
    { url = "https://files.pythonhosted.org/packages/26/78/bccc76f77cd42d623293f5e4d11ee8e2bc807861bef9880c56ecfefc3d59/rust_reversi-1.3.5-cp311-cp311-manylinux_2_17_armv7l.manylinux2014_armv7l.whl", hash = "sha256:6495b20817e6fef627b96c0791329646956e0f78f305e5ced0bc8b254ecdfcf7", size = 529075 },
    { url = "https://files.pythonhosted.org/packages/c7/f8/6f483f788e2b3b159f61531039d4d04a1cd6901a21f6ebc69b69a5983f9e/rust_reversi-1.3.5-cp311-cp311-manylinux_2_17_i686.manylinux2014_i686.whl", hash = "sha256:a79bb32ca548f9b4273a7b7cfd9f35e890c94f54588bd47510fde4159c29591b", size = 564319 },
    { url = "https://files.pythonhosted.org/packages/72/fc/b31faa4699c12c917c5cffd73adfd3309d887eb7b51f72ebac2695e6ca10/rust_reversi-1.3.5-cp311-cp311-manylinux_2_17_ppc64le.manylinux2014_ppc64le.whl", hash = "sha256:8609b234706205b9efa34a0b5458701ee0ea57cb28c5d4f7a4031e30437b91f1", size = 584008 },
    { url = "https://files.pythonhosted.org/packages/42/c9/c4d166f6879141f71b999388ece80acce30ad21b729ef603a3a0e4c166e0/rust_reversi-1.3.5-cp311-cp311-manylinux_2_17_s390x.manylinux2014_s390x.whl", hash = "sha256:67439e2e0aa250b197a8670265b745cab15a3f15cb971c23b8b4bbb0085d4157", size = 597832 },
    { url = "https://files.pythonhosted.org/packages/f0/78/87265fcdb8fba6cf86f11f1ff4e6fb471ad996cbe4dbc901321b78c2d745/rust_reversi-1.3.5-cp311-cp311-manylinux_2_17_x86_64.manylinux2014_x86_64.whl", hash = "sha256:4395104cf8202904ebf2653f675e927fc5cbc790ad715901be099691d3f6a470", size = 527973 },
    { url = "https://files.pythonhosted.org/packages/30/38/15b4b0a0946c4f844bb39d9437dfdfae495ddae98e600c242de014cb4cc7/rust_reversi-1.3.5-cp311-cp311-musllinux_1_2_aarch64.whl", hash = "sha256:649293505c98c75bcac881494fc825c26fbd4ec5eae87c083ad6f2a096e5aeda", size = 696532 },
    { url = "https://files.pythonhosted.org/packages/a0/95/edd79d9c8c600d997c182cbc6e1b95a3cd16421eb58ec0cb6003dd3b003e/rust_reversi-1.3.5-cp311-cp311-musllinux_1_2_armv7l.whl", hash = "sha256:33574b20de97d827de4af75cbb5f74fce2f4fe289acf9010b7e3383248e19a59", size = 790427 },
    { url = "https://files.pythonhosted.org/packages/c4/00/d242ac1909f63fc06d2807e8b471c9dda258cb936497aeffea06ec819476/rust_reversi-1.3.5-cp311-cp311-musllinux_1_2_i686.whl", hash = "sha256:e234d67a032308e00dd98e33521d69b7be5e8abddae34d65766749a8c699facf", size = 730802 },
    { url = "https://files.pythonhosted.org/packages/af/9e/2598470e5080171239fc719b735ddad5bb6648cbad4307bd7de1310daea9/rust_reversi-1.3.5-cp311-cp311-musllinux_1_2_x86_64.whl", hash = "sha256:d6b83f2842d8431b86d1bc4bd4710d173a3076b65c006f0b8de60cc6a0fd62e0", size = 698013 },
    { url = "https://files.pythonhosted.org/packages/57/e8/36d7b31838d3a91030567ec9431761e58fa1616a3e206799304d62c6c6e5/rust_reversi-1.3.5-cp311-cp311-win32.whl", hash = "sha256:1a50ba6330d7c8e3c74cc5b1497bfcd1b1c1b52428253a52e520c69e069c35a2", size = 351796 },
    { url = "https://files.pythonhosted.org/packages/50/9b/da230f5dd961681f6b648a774c10f26a996cbd5e8e4647f303f0eb2b9479/rust_reversi-1.3.5-cp311-cp311-win_amd64.whl", hash = "sha256:2e27048444acc339fea6a9d2e4e5a77f54e4b724a0f645aceb30b0801e139f37", size = 374042 },
    { url = "https://files.pythonhosted.org/packages/a9/d3/c1784282bc6ef5fb6206180454257cf8a1e61896b4ad5b84b70ce7d1aa02/rust_reversi-1.3.5-cp312-cp312-macosx_10_12_x86_64.whl", hash = "sha256:fd62325c66b197c142c4c126c0e8b72e7e1cd683f9d490371f943cc3511e8ebf", size = 482351 },
    { url = "https://files.pythonhosted.org/packages/f2/77/12cee2c059be3e276662091d41af3b9931eec193aff9aff78187d6b6e9d2/rust_reversi-1.3.5-cp312-cp312-macosx_11_0_arm64.whl", hash = "sha256:d34e8bc3ccda7cf3fd120c3d5c7dec1e26bb9d89b2a734895d01819e4167ad51", size = 465660 },
    { url = "https://files.pythonhosted.org/packages/3f/88/3a17947873f49c33fc3ce1a54e4038fab439e60f41333a6dc74e44f63026/rust_reversi-1.3.5-cp312-cp312-manylinux_2_17_aarch64.manylinux2014_aarch64.whl", hash = "sha256:ace03c5f4f801cc8704aa1942bb11e59dd2c54661628086f7a969de9916b69f9", size = 518801 },
    { url = "https://files.pythonhosted.org/packages/e0/77/f75f0a14e89e1a472718dff0d8d607f4326e5dbe81deb674c5e569fe31e4/rust_reversi-1.3.5-cp312-cp312-manylinux_2_17_armv7l.manylinux2014_armv7l.whl", hash = "sha256:767f86639c6afce904c0b40cc53fd23468cbdb686a314033a99f5774a7c02776", size = 528137 },
    { url = "https://files.pythonhosted.org/packages/b8/5c/f4ebcf152ef00df545b775d323f2d6f67df47e67c9478c359003f7376b1e/rust_reversi-1.3.5-cp312-cp312-manylinux_2_17_i686.manylinux2014_i686.whl", hash = "sha256:135837fcc331a372571419c16e30600f836dcd35f803f4b1af4696530025ed2d", size = 560797 },
    { url = "https://files.pythonhosted.org/packages/80/e7/765725a4987db54040e7507e481ee5e3c72ca50b8d0320e5e3a2815b6c8c/rust_reversi-1.3.5-cp312-cp312-manylinux_2_17_ppc64le.manylinux2014_ppc64le.whl", hash = "sha256:ee41e240762752e3cd8f2c576bef69dd02a398f7a834de46ac538ad55ef9786a", size = 581945 },
    { url = "https://files.pythonhosted.org/packages/fb/80/4534600ffd4de4bd83d3d2ef7bf7faf3671a95d45c1d38065f71e182e37a/rust_reversi-1.3.5-cp312-cp312-manylinux_2_17_s390x.manylinux2014_s390x.whl", hash = "sha256:7abca0c1662e938774efd23852b7c12b1ffa3e8f74f08c1386c05ff206fbcc45", size = 596022 },
    { url = "https://files.pythonhosted.org/packages/c0/f4/f554ab83a25a1a41c2b7afeb905ce2e7772c5cf1c8dd92011cda4e04633c/rust_reversi-1.3.5-cp312-cp312-manylinux_2_17_x86_64.manylinux2014_x86_64.whl", hash = "sha256:371dfc45fa850d6fde193b52d31395ba20e1fba3ac4ad8c736f1b9db7ee90e99", size = 526896 },
    { url = "https://files.pythonhosted.org/packages/32/a4/219615fb6b36762f4cc5263b107e7b14954df94b7674a7f1786d2b721569/rust_reversi-1.3.5-cp312-cp312-musllinux_1_2_aarch64.whl", hash = "sha256:076a14975b85cd57f86f5c01e2e27a2efd6f442f6a634735036abe308767a14f", size = 696251 },
    { url = "https://files.pythonhosted.org/packages/d8/01/f67c754db128c661a6a2b706bd55fae0d0d4c9d6b3fc739a6c8f45500ad0/rust_reversi-1.3.5-cp312-cp312-musllinux_1_2_armv7l.whl", hash = "sha256:027424a3d26e8caa42b31c2730a7c3f9ff849102680a2b9dfe61cc6e01337c55", size = 789050 },
    { url = "https://files.pythonhosted.org/packages/d8/4b/301ebda996f8737cf64827265a362b3794e67a5c4315cb0791aedc0c0f1c/rust_reversi-1.3.5-cp312-cp312-musllinux_1_2_i686.whl", hash = "sha256:3035b98ea192c890d8d9cb5f6eff5deffe0f5094069a9c0f581a804d0d9e4461", size = 727112 },
    { url = "https://files.pythonhosted.org/packages/e0/ff/159193298d1537a070ca41843680272c0c25dae4b76e20331d7215315a4d/rust_reversi-1.3.5-cp312-cp312-musllinux_1_2_x86_64.whl", hash = "sha256:3ad7f426bd251346b5ed6229c847b90f81cddd7e1a9466a7fcbc0df8f3c92a5c", size = 697523 },
    { url = "https://files.pythonhosted.org/packages/f2/3b/d049b76690f125291e980a4f3e5b0b915725457f6247c86f4e01fd2f3362/rust_reversi-1.3.5-cp312-cp312-win32.whl", hash = "sha256:4c0369d5fec8c99bb03404f4495e4a55361e90659dbe82156a395825da08b83e", size = 352760 },
    { url = "https://files.pythonhosted.org/packages/ca/12/10b469f1652a943359f29d7ccde1c2255e07c9080245ed9e95267c43cedd/rust_reversi-1.3.5-cp312-cp312-win_amd64.whl", hash = "sha256:3ec1b8967caae442fffa04eea658cf697d6b27b9e973e06e1c5a3aa7f2faec69", size = 374517 },
    { url = "https://files.pythonhosted.org/packages/54/c2/dc7869da8ee99fc5e0a8e7efd9afa66bd91e9a5e12dd649f719e9c2c3fc6/rust_reversi-1.3.5-cp313-cp313-macosx_10_12_x86_64.whl", hash = "sha256:9febf5258130329ae5d7243b955f107fd06d36b30ca4075e2df86023b58ca897", size = 481992 },
    { url = "https://files.pythonhosted.org/packages/5b/0b/1f224c2551920d2a41cfc4ec021288a3933171d257b5b5f581e0facd082d/rust_reversi-1.3.5-cp313-cp313-macosx_11_0_arm64.whl", hash = "sha256:9fb6a5a345a35b220f1716ffa86667b821e2f5928c7ddca9a25873c2a3bb985f", size = 465431 },
    { url = "https://files.pythonhosted.org/packages/20/61/7cb256d61beaa181121e4e5fec92b58351df10d61bee1b5073980e96a2f3/rust_reversi-1.3.5-cp313-cp313-manylinux_2_17_aarch64.manylinux2014_aarch64.whl", hash = "sha256:f2046508e7fea686d12bf5c5eab59431a886e2f32a17cf8af74365f33d1f7624", size = 518576 },
    { url = "https://files.pythonhosted.org/packages/0b/4e/c5497ed98a673991f529930d018da8b8024dc422250a191d7e4d9d0b174d/rust_reversi-1.3.5-cp313-cp313-manylinux_2_17_armv7l.manylinux2014_armv7l.whl", hash = "sha256:4b682877d915b1fba711afe7b490711b4ed423b1d1f6c1d3667291fd4270da3a", size = 527389 },
    { url = "https://files.pythonhosted.org/packages/bd/23/3b456977fa9c54781792b9c3df727b16ad3e778651e3cb0cd63205b4f3ba/rust_reversi-1.3.5-cp313-cp313-manylinux_2_17_i686.manylinux2014_i686.whl", hash = "sha256:7ee06093089c8c4a27eb11576bd7f205d2158e88bef5e1abb955f146eeffe318", size = 560143 },
    { url = "https://files.pythonhosted.org/packages/2e/a6/334f37eef72d5406ee2fca48650786ebfdea3d519e160276d1dd652e4ec6/rust_reversi-1.3.5-cp313-cp313-manylinux_2_17_ppc64le.manylinux2014_ppc64le.whl", hash = "sha256:adf24c03d12d2c30b1b396ae4ab10c2e201de98d9c827ffcfa6d80fd703f2707", size = 581542 },
    { url = "https://files.pythonhosted.org/packages/08/88/a20a5c85784315a49516d548eb50b28766ba79a8fa2d24f27ebdda0f38b4/rust_reversi-1.3.5-cp313-cp313-manylinux_2_17_s390x.manylinux2014_s390x.whl", hash = "sha256:960eff0aa7eac794026c88c5545d4313c13fcca6cb31ecc8ad963424f4bfe422", size = 594664 },
    { url = "https://files.pythonhosted.org/packages/4e/d5/dab2d23760fd07b06815bffad3af27e3d9beacde61f11a55da2dbf6f17f1/rust_reversi-1.3.5-cp313-cp313-manylinux_2_17_x86_64.manylinux2014_x86_64.whl", hash = "sha256:9a1dd959d4a518669fbaeb0daf1389fdfc1f4902ee0f518c3e53ac2d75b8c458", size = 526789 },
    { url = "https://files.pythonhosted.org/packages/09/6f/820c0a2e966907e5ddb04f199c81547534c28ff7cfa0a91a3a78ede3fb41/rust_reversi-1.3.5-cp313-cp313-musllinux_1_2_aarch64.whl", hash = "sha256:47329dae8bc40b68a1879c24685056fa556caac2e40a247300eece95f5fe955d", size = 696131 },
    { url = "https://files.pythonhosted.org/packages/53/6e/8bc62851a6cf785916a4be2e47c375e8ba8e4ae6ac57b93ee8f44a2404b3/rust_reversi-1.3.5-cp313-cp313-musllinux_1_2_armv7l.whl", hash = "sha256:89b4cce163b168b76f0e40d89343ca2df517f7fd0e626ae27f0b340b8e1616da", size = 788096 },
    { url = "https://files.pythonhosted.org/packages/c5/72/4f6b687fb2805138f2e147669aeaa4def3aa3ba35fb762bbdc1d19ebdf45/rust_reversi-1.3.5-cp313-cp313-musllinux_1_2_i686.whl", hash = "sha256:bfbb7f34647138a1bbb50fe9c49d9ac7bbbd2f807078c90b27c8de2b5461ad55", size = 726409 },
    { url = "https://files.pythonhosted.org/packages/79/6d/ecf98902792db60dd6ddd3f86ceeab6f31cfedf28a1eb79a6ee36b2d9919/rust_reversi-1.3.5-cp313-cp313-musllinux_1_2_x86_64.whl", hash = "sha256:4a83bd46a4e8bb1a356ca875a186799f2dcd8d34e356dbaa9f768f4cb74b1c98", size = 697205 },
    { url = "https://files.pythonhosted.org/packages/eb/75/a1ef729118b596bdd6d85316d0fc4d8022796a25ceedaefe4ca916f6d392/rust_reversi-1.3.5-cp313-cp313t-manylinux_2_17_aarch64.manylinux2014_aarch64.whl", hash = "sha256:a9f89d6b43b8141ad22c107fad32b945ae82141d5be3dfb86085c33b53b6fdf5", size = 516821 },
    { url = "https://files.pythonhosted.org/packages/e9/79/ad1c829682f5047ab7b60bd55991c42d44022dc31619757daea962678940/rust_reversi-1.3.5-cp313-cp313t-manylinux_2_17_armv7l.manylinux2014_armv7l.whl", hash = "sha256:5f8b4794e6679878bdf6b8d1f96bda67c9211f4a40eaba5dcbc3eed5d4a48096", size = 525627 },
    { url = "https://files.pythonhosted.org/packages/b6/e0/b919cf5c81df26c071a99bf9405dcf60e6bbd8add7dbe267d14fd8daec29/rust_reversi-1.3.5-cp313-cp313t-manylinux_2_17_ppc64le.manylinux2014_ppc64le.whl", hash = "sha256:186fd0f33c211468e10119eb8d94f0e6d41cf26616ebe771bdc7c52546da6322", size = 580035 },
    { url = "https://files.pythonhosted.org/packages/a5/91/1647a34c4144fa5fafd21abd6809f0b62617338fb3bb1167761774c8a368/rust_reversi-1.3.5-cp313-cp313t-manylinux_2_17_s390x.manylinux2014_s390x.whl", hash = "sha256:c2650da867cfff3e99a3f81adfcf95b7956dc9fd08ee41c4e0864c516e2dc4e5", size = 596652 },
    { url = "https://files.pythonhosted.org/packages/3f/c5/da3397f013fca11c90f29e2e9a43d2be8b8d1f1e1471a29a785e9d44d92f/rust_reversi-1.3.5-cp313-cp313t-musllinux_1_2_aarch64.whl", hash = "sha256:26f9e2fcb1efbe91c6727418f0f9851ae53be90be1a855646b0ae5ad3abd35ae", size = 694385 },
    { url = "https://files.pythonhosted.org/packages/5c/3b/2e2021b36f122b787020b9963abcd52d821529f1cdc0cb9415285b807fc7/rust_reversi-1.3.5-cp313-cp313t-musllinux_1_2_armv7l.whl", hash = "sha256:86d5513eff44039beae2e097887c63e2d74a84b97b3c28a0d4e18811100d342d", size = 785969 },
    { url = "https://files.pythonhosted.org/packages/90/73/dc6f84b93ee2627d42e55358c42e3c129c81b2a81a88473306be2ded6514/rust_reversi-1.3.5-cp313-cp313t-musllinux_1_2_i686.whl", hash = "sha256:995589bb17492d339d94d50a1b6f24bd83e1d742f3ca82135388018ffefcb40b", size = 725226 },
    { url = "https://files.pythonhosted.org/packages/30/21/a7ec8a74d08914e377a7539714f0ce92451ada836ca5c91d48ec40583149/rust_reversi-1.3.5-cp313-cp313t-musllinux_1_2_x86_64.whl", hash = "sha256:8687d5b94e1619356570e20965a6ba6458bf1c60ef3dc69fdfcc16d31979e211", size = 696510 },
    { url = "https://files.pythonhosted.org/packages/46/3c/1027524c4fedc57a11b3a58434700d5bed572970b7cef3bac9b9fca89591/rust_reversi-1.3.5-cp39-cp39-manylinux_2_17_aarch64.manylinux2014_aarch64.whl", hash = "sha256:7a2b6c2b973c1cbd6d46b522687c09fe3ac5b6d8d9df99f76650cd9321c79881", size = 520378 },
    { url = "https://files.pythonhosted.org/packages/00/3e/6f2504138e8069b3079afcafb20c0596489427ff4d2d7a9a0ffcb94e76cd/rust_reversi-1.3.5-cp39-cp39-manylinux_2_17_armv7l.manylinux2014_armv7l.whl", hash = "sha256:43102dcb6d56edbf350ea9dec8a032dcc6963bd6e2e0e550e9e23b1cbf53771c", size = 529666 },
    { url = "https://files.pythonhosted.org/packages/7d/b1/6f58b03a264f2d8dd975cc48319c2843f26a5d138b2ebb7e5194766aa27f/rust_reversi-1.3.5-cp39-cp39-manylinux_2_17_i686.manylinux2014_i686.whl", hash = "sha256:0cf80a77da8081423f15090b716ca21b61a8e60efbcd740f1593cbc845d5717e", size = 564065 },
    { url = "https://files.pythonhosted.org/packages/57/5a/7fbd3e169149d3694f3deecfa28998ef66fbb9fbcb1c9e8a8b3ab2671a51/rust_reversi-1.3.5-cp39-cp39-manylinux_2_17_ppc64le.manylinux2014_ppc64le.whl", hash = "sha256:f90e7aaed090081b5c3268754833919875580ff8fb19e5417426e1c3ec1a2e31", size = 584420 },
    { url = "https://files.pythonhosted.org/packages/3f/89/a20eea9d2898b574528ac98c1e289da017b17c32c01ffb9fdca0c74490e0/rust_reversi-1.3.5-cp39-cp39-manylinux_2_17_s390x.manylinux2014_s390x.whl", hash = "sha256:c8d76637f02aca0db94a81438c432bc4544c340f106cf2851c5de38413146440", size = 599338 },
    { url = "https://files.pythonhosted.org/packages/7b/79/923df12532c2fcb921d8f5642b7862e99a7d976dbb52b322db5ee2ae9c45/rust_reversi-1.3.5-cp39-cp39-manylinux_2_17_x86_64.manylinux2014_x86_64.whl", hash = "sha256:2a0e99a8790f65d66641f61e1cd93881baafeea587dbac432a8c4998c0a571bd", size = 530016 },
    { url = "https://files.pythonhosted.org/packages/b9/d9/7c663402104656ce6750399cd3f967545ebfbd3adc1078311f24165d6909/rust_reversi-1.3.5-cp39-cp39-musllinux_1_2_aarch64.whl", hash = "sha256:a474f39d05e4d2ab10fc73cc97ed9d72fc21279fee440a1426b9a8a03b6cbc68", size = 697465 },
    { url = "https://files.pythonhosted.org/packages/41/a2/a8277bbb11d915cfa7cb7c2a67eb5bab558206b7912209bdd6d4e3295f47/rust_reversi-1.3.5-cp39-cp39-musllinux_1_2_armv7l.whl", hash = "sha256:0609a1d3ae7dbb45db3e58f444243986262085794d48fd3297df5b9ceaed8d27", size = 791082 },
    { url = "https://files.pythonhosted.org/packages/9c/85/e516094d5310cea9041ab7aa515c6539ab78ba3520ac3d7d61e6c35b9696/rust_reversi-1.3.5-cp39-cp39-musllinux_1_2_i686.whl", hash = "sha256:7f34c11f39d957641ff094034726f302f2003e16338e60cb846a16d726f2ec61", size = 731151 },
    { url = "https://files.pythonhosted.org/packages/cd/1d/8ca31238e320088c55c588f4f5505b2bacc009eea704925210c2eae882ad/rust_reversi-1.3.5-cp39-cp39-musllinux_1_2_x86_64.whl", hash = "sha256:75ac30503d3755c45d42a62765e67ca122e831b7254c9c9f46c6361000b17d63", size = 698883 },
    { url = "https://files.pythonhosted.org/packages/96/28/4a52c3f7a32bda239a329b7160a6591e239f535b7450c43a56ebd3abfd6a/rust_reversi-1.3.5-cp39-cp39-win32.whl", hash = "sha256:fae9640a376e98bfb03ee10d0177ca37afe84ad8ef131499bc84b80c69854eb7", size = 351792 },
    { url = "https://files.pythonhosted.org/packages/63/30/468f4ce98b3f25aeb159eea551317ec04ef2e8ccb88b3e86abb26b2b3f71/rust_reversi-1.3.5-cp39-cp39-win_amd64.whl", hash = "sha256:ddee194e45ecef0f703544427edaff3dd22b3db7dba36f6f31cfe4c8c334c98c", size = 374688 },
    { url = "https://files.pythonhosted.org/packages/2b/ce/4f950fe23169976bd33bc9a5ca654763fb3c0d67e3e696db78c0e79bf978/rust_reversi-1.3.5-pp310-pypy310_pp73-manylinux_2_17_aarch64.manylinux2014_aarch64.whl", hash = "sha256:d8709aaa71e16ec9c3e233e7246f1c9e53b658b0f06e258857765d5e392ddb38", size = 520423 },
    { url = "https://files.pythonhosted.org/packages/49/c2/eda1b55acd339a8711d24d631c2a37252b001a69d5b14e6fef8afe1d644a/rust_reversi-1.3.5-pp310-pypy310_pp73-manylinux_2_17_armv7l.manylinux2014_armv7l.whl", hash = "sha256:32ef1dec576512490db5c04d2408d97f25d9e57f5141fb7ef35aba6658a0ab60", size = 530206 },
    { url = "https://files.pythonhosted.org/packages/1d/e9/bb658122dd6cce79935557bf6c8f65fb4acb3013addad301c082cd5b4b3d/rust_reversi-1.3.5-pp310-pypy310_pp73-manylinux_2_17_i686.manylinux2014_i686.whl", hash = "sha256:604195cd2cef62989dc8699cfc0cf2e2a49c84bd1ebd300d22d2169f04232bc3", size = 563995 },
    { url = "https://files.pythonhosted.org/packages/25/25/7b810408726a271618428c507f55dfaa0a3f2919f28482428e3b37942508/rust_reversi-1.3.5-pp310-pypy310_pp73-manylinux_2_17_ppc64le.manylinux2014_ppc64le.whl", hash = "sha256:a18ee4873d070e6e8e6cc33544c5cd8c74fe8d371c041fd3e87b1deebe1cf1ac", size = 582211 },
    { url = "https://files.pythonhosted.org/packages/00/29/98e7a487770e167b5d5d8de3a288818305e82d624b59a23ee5f9d2cf0054/rust_reversi-1.3.5-pp310-pypy310_pp73-manylinux_2_17_s390x.manylinux2014_s390x.whl", hash = "sha256:9c6e9e8c9349e3ecd9e29b49701322b27eb4ff1a0f07d899ee20939d903901f9", size = 598227 },
    { url = "https://files.pythonhosted.org/packages/8d/6f/94f94eea4228945d4256a120ec3c22ee4e5dbfd8ded78a30e14d49d668f6/rust_reversi-1.3.5-pp310-pypy310_pp73-manylinux_2_17_x86_64.manylinux2014_x86_64.whl", hash = "sha256:901fb74f1fe480e100793ddb1dd0c8cb282e55140d4d2f5cd85af7c264eacc15", size = 528776 },
    { url = "https://files.pythonhosted.org/packages/0f/09/900d849394af2b2b3c9726b43922a86a8e183e8afcf405133f648eb04c1a/rust_reversi-1.3.5-pp310-pypy310_pp73-musllinux_1_2_aarch64.whl", hash = "sha256:7bb63f84543494da6c94a593dd173e299f65165a840c4be8df8e43803ef7331e", size = 697270 },
    { url = "https://files.pythonhosted.org/packages/33/6c/fe410c13398b915eeaee26fe37b37c33df00dbfbbc69fd319a5b1bca18f2/rust_reversi-1.3.5-pp310-pypy310_pp73-musllinux_1_2_armv7l.whl", hash = "sha256:2f2b4cd72968d02f9430f836280f242ac1fea6fa28429d9e54c8c250d650f6b6", size = 791979 },
    { url = "https://files.pythonhosted.org/packages/53/50/e2489866f47605282f9bfc09c285796d506ee25baaa35650e034a39b4fb4/rust_reversi-1.3.5-pp310-pypy310_pp73-musllinux_1_2_i686.whl", hash = "sha256:2eca698b439abda46f7eb20566ee701c02f06442b85dd3d3c56a08e3a0bf95b0", size = 730240 },
    { url = "https://files.pythonhosted.org/packages/09/8f/00986a44bf2f1fa413004cf7b1742ed7319fed1a100f9c8219a864f62341/rust_reversi-1.3.5-pp310-pypy310_pp73-musllinux_1_2_x86_64.whl", hash = "sha256:b6ba82b20bb56c94bd96483e4af5f0d85e7a6c0d28a78c12b32899ba75a0c0b0", size = 697985 },
    { url = "https://files.pythonhosted.org/packages/9e/03/f2e998d0ef25d028187e4d773519f1dad49b8921c889aac3363676cdc916/rust_reversi-1.3.5-pp39-pypy39_pp73-manylinux_2_17_aarch64.manylinux2014_aarch64.whl", hash = "sha256:f00e789cbbef08fb52cb9c366aa5a90016d851a9b0fba3beb20ec8a58fcbe4ae", size = 520640 },
    { url = "https://files.pythonhosted.org/packages/53/d0/1b70ef47479598371f2586ef63c70b176be4e3ea54d98dd8e184c6b0a4a9/rust_reversi-1.3.5-pp39-pypy39_pp73-manylinux_2_17_armv7l.manylinux2014_armv7l.whl", hash = "sha256:bef82d7e8f76844b1cdb89a1e6592376c67bf8b3446263a2e66ab5f4a72a82a2", size = 530747 },
    { url = "https://files.pythonhosted.org/packages/8b/88/60d8113766cb4dc4e204372ddb79e6396787e592c29f0a20fd1716ed7abc/rust_reversi-1.3.5-pp39-pypy39_pp73-manylinux_2_17_ppc64le.manylinux2014_ppc64le.whl", hash = "sha256:86361b80e122130c1e229b1a40472ef55617d2ba0635c4455ba487ccc644ff0a", size = 582491 },
    { url = "https://files.pythonhosted.org/packages/6e/1f/c43bbfa0ca30c2de3b463e86c0f4d2c5f933c7ce22dfcb7f386b201f05b3/rust_reversi-1.3.5-pp39-pypy39_pp73-manylinux_2_17_s390x.manylinux2014_s390x.whl", hash = "sha256:835e96b9399cd7202393e4bad9961dda11a2168610163b1071c8fd12fbe1a558", size = 598204 },
    { url = "https://files.pythonhosted.org/packages/69/13/c79e8893f57dea91de425352d87a2858a3d3b49b616fe51a722e4de55a27/rust_reversi-1.3.5-pp39-pypy39_pp73-musllinux_1_2_aarch64.whl", hash = "sha256:a5ced34cbd3b249f0671733bf6550aca8b3a89e30c866704dc2681532f6f05f2", size = 697098 },
    { url = "https://files.pythonhosted.org/packages/b0/fb/4b79efa882d35a189fb50cd3a6cba4a13762b3e3530909828a4206353227/rust_reversi-1.3.5-pp39-pypy39_pp73-musllinux_1_2_armv7l.whl", hash = "sha256:9b1823eb9541b2ad5105c673f57065dce03fc67b45075acee0d8b5125929f3dd", size = 792179 },
    { url = "https://files.pythonhosted.org/packages/e0/48/0f6430b4db2817d809c53ef3652780c62debbadc4a210f570cc292171e32/rust_reversi-1.3.5-pp39-pypy39_pp73-musllinux_1_2_i686.whl", hash = "sha256:cf112d4f773164a143eaecc8bbdee2cf64c8fd230b4cf628c5744e7fb37d512d", size = 730598 },
    { url = "https://files.pythonhosted.org/packages/86/f1/c19a916cb31f0fc67451d5aebffab090ce824c70f3d93c5978eb48a8d45f/rust_reversi-1.3.5-pp39-pypy39_pp73-musllinux_1_2_x86_64.whl", hash = "sha256:76715a80d9762ecf0f28d15d8289e0db60bd8555dc330160d99fd9efe1fffee3", size = 698584 },
]

[[package]]
name = "tqdm"
version = "4.67.1"
source = { registry = "https://pypi.org/simple" }
dependencies = [
    { name = "colorama", marker = "platform_system == 'Windows'" },
]
sdist = { url = "https://files.pythonhosted.org/packages/a8/4b/29b4ef32e036bb34e4ab51796dd745cdba7ed47ad142a9f4a1eb8e0c744d/tqdm-4.67.1.tar.gz", hash = "sha256:f8aef9c52c08c13a65f30ea34f4e5aac3fd1a34959879d7e59e63027286627f2", size = 169737 }
wheels = [
    { url = "https://files.pythonhosted.org/packages/d0/30/dc54f88dd4a2b5dc8a0279bdd7270e735851848b762aeb1c1184ed1f6b14/tqdm-4.67.1-py3-none-any.whl", hash = "sha256:26445eca388f82e72884e0d580d5464cd801a3ea01e63e5601bdff9ba6a48de2", size = 78540 },
]
